
Microsoft Visual Studio Solution File, Format Version 11.00
# Visual Studio 2010
Project("{FAE04EC0-301F-11D3-BF4B-00C04F79EFBC}") = "Smdn.Core.BinaryFormats.Tests-netfx4.5", "Smdn.Core.BinaryFormats.Tests-netfx4.5.csproj", "{626EE849-EBD1-413F-B851-C1841396DF01}"
EndProject
Project("{FAE04EC0-301F-11D3-BF4B-00C04F79EFBC}") = "Smdn-netfx4.5", "..\..\Smdn\Smdn-netfx4.5.csproj", "{B9068594-64C2-4976-AF65-D7FA9BBE0522}"
EndProject
Project("{FAE04EC0-301F-11D3-BF4B-00C04F79EFBC}") = "Smdn.Core.BinaryFormats-netfx4.5", "..\Smdn.Core.BinaryFormats-netfx4.5.csproj", "{7CA429AB-0940-46FD-A64D-2D9D69B26499}"
EndProject
Global
	GlobalSection(SolutionConfigurationPlatforms) = preSolution
		Debug|Any CPU = Debug|Any CPU
		Release|Any CPU = Release|Any CPU
	EndGlobalSection
	GlobalSection(ProjectConfigurationPlatforms) = postSolution
		{B9068594-64C2-4976-AF65-D7FA9BBE0522}.Debug|Any CPU.ActiveCfg = Debug|Any CPU
		{B9068594-64C2-4976-AF65-D7FA9BBE0522}.Debug|Any CPU.Build.0 = Debug|Any CPU
		{B9068594-64C2-4976-AF65-D7FA9BBE0522}.Release|Any CPU.ActiveCfg = Release|Any CPU
		{B9068594-64C2-4976-AF65-D7FA9BBE0522}.Release|Any CPU.Build.0 = Release|Any CPU
		{626EE849-EBD1-413F-B851-C1841396DF01}.Debug|Any CPU.ActiveCfg = Debug|Any CPU
		{626EE849-EBD1-413F-B851-C1841396DF01}.Debug|Any CPU.Build.0 = Debug|Any CPU
		{626EE849-EBD1-413F-B851-C1841396DF01}.Release|Any CPU.ActiveCfg = Release|Any CPU
		{626EE849-EBD1-413F-B851-C1841396DF01}.Release|Any CPU.Build.0 = Release|Any CPU
		{7CA429AB-0940-46FD-A64D-2D9D69B26499}.Debug|Any CPU.ActiveCfg = Debug|Any CPU
		{7CA429AB-0940-46FD-A64D-2D9D69B26499}.Debug|Any CPU.Build.0 = Debug|Any CPU
		{7CA429AB-0940-46FD-A64D-2D9D69B26499}.Release|Any CPU.ActiveCfg = Release|Any CPU
		{7CA429AB-0940-46FD-A64D-2D9D69B26499}.Release|Any CPU.Build.0 = Release|Any CPU
	EndGlobalSection
	GlobalSection(MonoDevelopProperties) = preSolution
		StartupItem = Smdn.Core.BinaryFormats.Tests-netfx4.5.csproj
	EndGlobalSection
EndGlobal
