
Microsoft Visual Studio Solution File, Format Version 12.00
# Visual Studio Version 16
VisualStudioVersion = 16.0.30114.105
MinimumVisualStudioVersion = 10.0.40219.1
Project("{9A19103F-16F7-4668-BE54-9A1E7A4F7556}") = "Smdn.Tests", "Smdn\Smdn.Tests.csproj", "{7752D68E-F347-49D8-837D-003877CE9E4B}"
EndProject
Project("{9A19103F-16F7-4668-BE54-9A1E7A4F7556}") = "Smdn.Fundamental.Buffer.Tests", "Smdn.Fundamental.Buffer\Smdn.Fundamental.Buffer.Tests.csproj", "{DA8546B8-5170-4408-B578-D7969F24279F}"
EndProject
Project("{9A19103F-16F7-4668-BE54-9A1E7A4F7556}") = "Smdn.Fundamental.ControlPicture.Tests", "Smdn.Fundamental.ControlPicture\Smdn.Fundamental.ControlPicture.Tests.csproj", "{C3F15D6F-65C1-473E-8D3A-8697A77367F0}"
EndProject
Project("{9A19103F-16F7-4668-BE54-9A1E7A4F7556}") = "Smdn.Fundamental.Encoding.Buffer.Tests", "Smdn.Fundamental.Encoding.Buffer\Smdn.Fundamental.Encoding.Buffer.Tests.csproj", "{4E3B46EE-4498-4C4A-8DAA-8148A1AF5B67}"
EndProject
Project("{9A19103F-16F7-4668-BE54-9A1E7A4F7556}") = "Smdn.Fundamental.PrintableEncoding.Hexadecimal.Tests", "Smdn.Fundamental.PrintableEncoding.Hexadecimal\Smdn.Fundamental.PrintableEncoding.Hexadecimal.Tests.csproj", "{0A00619A-1A93-4C63-8101-1C98A3A3DA1F}"
EndProject
Project("{9A19103F-16F7-4668-BE54-9A1E7A4F7556}") = "Smdn.Fundamental.Reflection.Tests", "Smdn.Fundamental.Reflection\Smdn.Fundamental.Reflection.Tests.csproj", "{A6D6E575-47B4-4093-9C86-123669DBD06C}"
EndProject
Project("{9A19103F-16F7-4668-BE54-9A1E7A4F7556}") = "Smdn.Fundamental.Stringification.Tests", "Smdn.Fundamental.Stringification\Smdn.Fundamental.Stringification.Tests.csproj", "{64B8DB0B-6574-4D69-AC21-11650D831B30}"
EndProject
Project("{9A19103F-16F7-4668-BE54-9A1E7A4F7556}") = "Smdn.Fundamental.Xml.Xhtml.Tests", "Smdn.Fundamental.Xml.Xhtml\Smdn.Fundamental.Xml.Xhtml.Tests.csproj", "{3CEF2AF6-2C5B-4425-AC3C-18A9B7C1B98C}"
EndProject
Project("{9A19103F-16F7-4668-BE54-9A1E7A4F7556}") = "Smdn", "..\src\Smdn\Smdn.csproj", "{37D7C654-3A91-49AD-A872-F8EECB41EB3A}"
EndProject
Project("{9A19103F-16F7-4668-BE54-9A1E7A4F7556}") = "Smdn.Fundamental.Buffer", "..\src\Smdn.Fundamental.Buffer\Smdn.Fundamental.Buffer.csproj", "{72395853-33D2-4374-AC53-E3B4104804BD}"
EndProject
Project("{9A19103F-16F7-4668-BE54-9A1E7A4F7556}") = "Smdn.Fundamental.ByteString", "..\src\Smdn.Fundamental.ByteString\Smdn.Fundamental.ByteString.csproj", "{AB995A5A-589B-494E-B237-F1586CF3963A}"
EndProject
Project("{9A19103F-16F7-4668-BE54-9A1E7A4F7556}") = "Smdn.Fundamental.Collection", "..\src\Smdn.Fundamental.Collection\Smdn.Fundamental.Collection.csproj", "{C0D1ABCD-84BB-4914-983A-7A1465D65599}"
EndProject
Project("{9A19103F-16F7-4668-BE54-9A1E7A4F7556}") = "Smdn.Fundamental.ControlPicture", "..\src\Smdn.Fundamental.ControlPicture\Smdn.Fundamental.ControlPicture.csproj", "{C617581C-DE32-41EB-8D3B-74834FD07771}"
EndProject
Project("{9A19103F-16F7-4668-BE54-9A1E7A4F7556}") = "Smdn.Fundamental.CryptoTransform", "..\src\Smdn.Fundamental.CryptoTransform\Smdn.Fundamental.CryptoTransform.csproj", "{82CA82A6-C151-47F2-B3CB-63EFDB75CB7E}"
EndProject
Project("{9A19103F-16F7-4668-BE54-9A1E7A4F7556}") = "Smdn.Fundamental.Csv", "..\src\Smdn.Fundamental.Csv\Smdn.Fundamental.Csv.csproj", "{28B8C5FC-0B19-4E8B-9AA0-C408224263E2}"
EndProject
Project("{9A19103F-16F7-4668-BE54-9A1E7A4F7556}") = "Smdn.Fundamental.Encoding", "..\src\Smdn.Fundamental.Encoding\Smdn.Fundamental.Encoding.csproj", "{319C526C-9B56-42D4-ABA9-147076794237}"
EndProject
Project("{9A19103F-16F7-4668-BE54-9A1E7A4F7556}") = "Smdn.Fundamental.Encoding.Buffer", "..\src\Smdn.Fundamental.Encoding.Buffer\Smdn.Fundamental.Encoding.Buffer.csproj", "{EF43DC1E-4711-4BA5-858F-778D51C13D75}"
EndProject
Project("{9A19103F-16F7-4668-BE54-9A1E7A4F7556}") = "Smdn.Fundamental.Encoding.OctetEncoding", "..\src\Smdn.Fundamental.Encoding.OctetEncoding\Smdn.Fundamental.Encoding.OctetEncoding.csproj", "{35C5A34B-29E8-438F-9833-8DE3C641A26C}"
EndProject
Project("{9A19103F-16F7-4668-BE54-9A1E7A4F7556}") = "Smdn.Fundamental.Exception", "..\src\Smdn.Fundamental.Exception\Smdn.Fundamental.Exception.csproj", "{6F3FB578-0D16-4DDA-82E9-FF7224D62C3B}"
EndProject
Project("{9A19103F-16F7-4668-BE54-9A1E7A4F7556}") = "Smdn.Fundamental.FourCC", "..\src\Smdn.Fundamental.FourCC\Smdn.Fundamental.FourCC.csproj", "{4DB7F4F1-891E-48DE-9579-EA853740ABF4}"
EndProject
Project("{9A19103F-16F7-4668-BE54-9A1E7A4F7556}") = "Smdn.Fundamental.Math", "..\src\Smdn.Fundamental.Math\Smdn.Fundamental.Math.csproj", "{ECA55B57-F24C-449A-A3BB-ABE6875BCCC7}"
EndProject
Project("{9A19103F-16F7-4668-BE54-9A1E7A4F7556}") = "Smdn.Fundamental.MimeHeader", "..\src\Smdn.Fundamental.MimeHeader\Smdn.Fundamental.MimeHeader.csproj", "{F695ABA4-4A80-45F6-B1E3-B3D98F1C0673}"
EndProject
Project("{9A19103F-16F7-4668-BE54-9A1E7A4F7556}") = "Smdn.Fundamental.MimeType", "..\src\Smdn.Fundamental.MimeType\Smdn.Fundamental.MimeType.csproj", "{6DAEC884-5737-4D5B-AEBE-C365CC3BFEA2}"
EndProject
Project("{9A19103F-16F7-4668-BE54-9A1E7A4F7556}") = "Smdn.Fundamental.ParamArray", "..\src\Smdn.Fundamental.ParamArray\Smdn.Fundamental.ParamArray.csproj", "{4DA17D07-AB19-48A2-BE1E-E2451FA139E5}"
EndProject
Project("{9A19103F-16F7-4668-BE54-9A1E7A4F7556}") = "Smdn.Fundamental.PrintableEncoding.Base64", "..\src\Smdn.Fundamental.PrintableEncoding.Base64\Smdn.Fundamental.PrintableEncoding.Base64.csproj", "{9CCDB8EB-B7B7-4B0D-A44E-72591EBD093C}"
EndProject
Project("{9A19103F-16F7-4668-BE54-9A1E7A4F7556}") = "Smdn.Fundamental.PrintableEncoding.Hexadecimal", "..\src\Smdn.Fundamental.PrintableEncoding.Hexadecimal\Smdn.Fundamental.PrintableEncoding.Hexadecimal.csproj", "{3A837F97-C24D-4AE4-8679-A618064ACEA4}"
EndProject
Project("{9A19103F-16F7-4668-BE54-9A1E7A4F7556}") = "Smdn.Fundamental.PrintableEncoding.MimeEncoding", "..\src\Smdn.Fundamental.PrintableEncoding.MimeEncoding\Smdn.Fundamental.PrintableEncoding.MimeEncoding.csproj", "{ACC31328-F2FF-4B53-9BF1-324A95C37F69}"
EndProject
Project("{9A19103F-16F7-4668-BE54-9A1E7A4F7556}") = "Smdn.Fundamental.PrintableEncoding.ModifiedBase64", "..\src\Smdn.Fundamental.PrintableEncoding.ModifiedBase64\Smdn.Fundamental.PrintableEncoding.ModifiedBase64.csproj", "{5EDF3495-CDE8-4AFB-8662-7F50C058AB6B}"
EndProject
Project("{9A19103F-16F7-4668-BE54-9A1E7A4F7556}") = "Smdn.Fundamental.PrintableEncoding.PercentEncoding", "..\src\Smdn.Fundamental.PrintableEncoding.PercentEncoding\Smdn.Fundamental.PrintableEncoding.PercentEncoding.csproj", "{D90BA181-8187-4386-A6B7-2A36D72EE9C3}"
EndProject
Project("{9A19103F-16F7-4668-BE54-9A1E7A4F7556}") = "Smdn.Fundamental.PrintableEncoding.QuotedPrintable", "..\src\Smdn.Fundamental.PrintableEncoding.QuotedPrintable\Smdn.Fundamental.PrintableEncoding.QuotedPrintable.csproj", "{04AEB74E-3649-481D-8BA0-E0AF63761CE7}"
EndProject
Project("{9A19103F-16F7-4668-BE54-9A1E7A4F7556}") = "Smdn.Fundamental.PrintableEncoding.UUEncoding", "..\src\Smdn.Fundamental.PrintableEncoding.UUEncoding\Smdn.Fundamental.PrintableEncoding.UUEncoding.csproj", "{C120FB46-2E5E-4C4A-A590-D1147C5ADAFC}"
EndProject
Project("{9A19103F-16F7-4668-BE54-9A1E7A4F7556}") = "Smdn.Fundamental.Reflection", "..\src\Smdn.Fundamental.Reflection\Smdn.Fundamental.Reflection.csproj", "{CFE4959F-6F9B-4810-A4B7-0DC577D3D4D2}"
EndProject
Project("{9A19103F-16F7-4668-BE54-9A1E7A4F7556}") = "Smdn.Fundamental.Shell", "..\src\Smdn.Fundamental.Shell\Smdn.Fundamental.Shell.csproj", "{7FADF820-642A-4B49-9161-92F0D8030251}"
EndProject
Project("{9A19103F-16F7-4668-BE54-9A1E7A4F7556}") = "Smdn.Fundamental.SIPrefix", "..\src\Smdn.Fundamental.SIPrefix\Smdn.Fundamental.SIPrefix.csproj", "{F2EA6F69-095A-4006-A3AD-3A13A7523E69}"
EndProject
Project("{9A19103F-16F7-4668-BE54-9A1E7A4F7556}") = "Smdn.Fundamental.StandardDateTimeFormat", "..\src\Smdn.Fundamental.StandardDateTimeFormat\Smdn.Fundamental.StandardDateTimeFormat.csproj", "{4DBC2C48-29A6-46D4-A62A-92EA80072CCD}"
EndProject
Project("{9A19103F-16F7-4668-BE54-9A1E7A4F7556}") = "Smdn.Fundamental.Stream", "..\src\Smdn.Fundamental.Stream\Smdn.Fundamental.Stream.csproj", "{9BF597E6-D2F1-43FD-9EBA-6FB6D2335A84}"
EndProject
Project("{9A19103F-16F7-4668-BE54-9A1E7A4F7556}") = "Smdn.Fundamental.Stream.BinaryReaderWriter", "..\src\Smdn.Fundamental.Stream.BinaryReaderWriter\Smdn.Fundamental.Stream.BinaryReaderWriter.csproj", "{16C63D15-584D-4020-98D1-4FD1826965D5}"
EndProject
Project("{9A19103F-16F7-4668-BE54-9A1E7A4F7556}") = "Smdn.Fundamental.Stream.Caching", "..\src\Smdn.Fundamental.Stream.Caching\Smdn.Fundamental.Stream.Caching.csproj", "{3536F532-93A4-48B3-BD9D-F0E411C0333C}"
EndProject
Project("{9A19103F-16F7-4668-BE54-9A1E7A4F7556}") = "Smdn.Fundamental.Stream.Extending", "..\src\Smdn.Fundamental.Stream.Extending\Smdn.Fundamental.Stream.Extending.csproj", "{6C8794BF-D8AD-460D-8AE0-0CBA954E7D46}"
EndProject
Project("{9A19103F-16F7-4668-BE54-9A1E7A4F7556}") = "Smdn.Fundamental.Stream.Filtering", "..\src\Smdn.Fundamental.Stream.Filtering\Smdn.Fundamental.Stream.Filtering.csproj", "{95A9F3F0-4067-46C2-8C7D-CEA78C8BB757}"
EndProject
Project("{9A19103F-16F7-4668-BE54-9A1E7A4F7556}") = "Smdn.Fundamental.Stream.LineOriented", "..\src\Smdn.Fundamental.Stream.LineOriented\Smdn.Fundamental.Stream.LineOriented.csproj", "{D4F8FA55-9A21-498B-9A77-0B1C6BAB0881}"
EndProject
Project("{9A19103F-16F7-4668-BE54-9A1E7A4F7556}") = "Smdn.Fundamental.Stringification", "..\src\Smdn.Fundamental.Stringification\Smdn.Fundamental.Stringification.csproj", "{6DAA5B41-98FD-4818-AC44-5D441F9470D3}"
EndProject
Project("{9A19103F-16F7-4668-BE54-9A1E7A4F7556}") = "Smdn.Fundamental.UInt24n", "..\src\Smdn.Fundamental.UInt24n\Smdn.Fundamental.UInt24n.csproj", "{39580DDB-F6F4-47E7-930A-F3015A0A0B54}"
EndProject
Project("{9A19103F-16F7-4668-BE54-9A1E7A4F7556}") = "Smdn.Fundamental.Uuid", "..\src\Smdn.Fundamental.Uuid\Smdn.Fundamental.Uuid.csproj", "{31B19B0C-2542-4D10-B8C9-81BBC072505E}"
EndProject
Project("{9A19103F-16F7-4668-BE54-9A1E7A4F7556}") = "Smdn.Fundamental.Xml.Linq", "..\src\Smdn.Fundamental.Xml.Linq\Smdn.Fundamental.Xml.Linq.csproj", "{8D57C7DC-F300-47A4-B7D6-1C029CC072BF}"
EndProject
Project("{9A19103F-16F7-4668-BE54-9A1E7A4F7556}") = "Smdn.Fundamental.Xml.Xhtml", "..\src\Smdn.Fundamental.Xml.Xhtml\Smdn.Fundamental.Xml.Xhtml.csproj", "{A5BF260B-B03B-400E-B8D9-219E2A79555F}"
EndProject
Project("{2150E333-8FDC-42A3-9474-1A3956D46DE8}") = "src", "src", "{7719DDF4-AF71-442A-A924-2BD0020FF341}"
EndProject
Project("{2150E333-8FDC-42A3-9474-1A3956D46DE8}") = "tests", "tests", "{4507BFD2-F0E8-441E-AEBA-4B584352BFA0}"
EndProject
Global
	GlobalSection(SolutionConfigurationPlatforms) = preSolution
		Debug|Any CPU = Debug|Any CPU
		Debug|x64 = Debug|x64
		Debug|x86 = Debug|x86
		Release|Any CPU = Release|Any CPU
		Release|x64 = Release|x64
		Release|x86 = Release|x86
	EndGlobalSection
	GlobalSection(ProjectConfigurationPlatforms) = postSolution
		{7752D68E-F347-49D8-837D-003877CE9E4B}.Debug|Any CPU.ActiveCfg = Debug|Any CPU
		{7752D68E-F347-49D8-837D-003877CE9E4B}.Debug|Any CPU.Build.0 = Debug|Any CPU
		{7752D68E-F347-49D8-837D-003877CE9E4B}.Debug|x64.ActiveCfg = Debug|Any CPU
		{7752D68E-F347-49D8-837D-003877CE9E4B}.Debug|x64.Build.0 = Debug|Any CPU
		{7752D68E-F347-49D8-837D-003877CE9E4B}.Debug|x86.ActiveCfg = Debug|Any CPU
		{7752D68E-F347-49D8-837D-003877CE9E4B}.Debug|x86.Build.0 = Debug|Any CPU
		{7752D68E-F347-49D8-837D-003877CE9E4B}.Release|Any CPU.ActiveCfg = Release|Any CPU
		{7752D68E-F347-49D8-837D-003877CE9E4B}.Release|Any CPU.Build.0 = Release|Any CPU
		{7752D68E-F347-49D8-837D-003877CE9E4B}.Release|x64.ActiveCfg = Release|Any CPU
		{7752D68E-F347-49D8-837D-003877CE9E4B}.Release|x64.Build.0 = Release|Any CPU
		{7752D68E-F347-49D8-837D-003877CE9E4B}.Release|x86.ActiveCfg = Release|Any CPU
		{7752D68E-F347-49D8-837D-003877CE9E4B}.Release|x86.Build.0 = Release|Any CPU
		{DA8546B8-5170-4408-B578-D7969F24279F}.Debug|Any CPU.ActiveCfg = Debug|Any CPU
		{DA8546B8-5170-4408-B578-D7969F24279F}.Debug|Any CPU.Build.0 = Debug|Any CPU
		{DA8546B8-5170-4408-B578-D7969F24279F}.Debug|x64.ActiveCfg = Debug|Any CPU
		{DA8546B8-5170-4408-B578-D7969F24279F}.Debug|x64.Build.0 = Debug|Any CPU
		{DA8546B8-5170-4408-B578-D7969F24279F}.Debug|x86.ActiveCfg = Debug|Any CPU
		{DA8546B8-5170-4408-B578-D7969F24279F}.Debug|x86.Build.0 = Debug|Any CPU
		{DA8546B8-5170-4408-B578-D7969F24279F}.Release|Any CPU.ActiveCfg = Release|Any CPU
		{DA8546B8-5170-4408-B578-D7969F24279F}.Release|Any CPU.Build.0 = Release|Any CPU
		{DA8546B8-5170-4408-B578-D7969F24279F}.Release|x64.ActiveCfg = Release|Any CPU
		{DA8546B8-5170-4408-B578-D7969F24279F}.Release|x64.Build.0 = Release|Any CPU
		{DA8546B8-5170-4408-B578-D7969F24279F}.Release|x86.ActiveCfg = Release|Any CPU
		{DA8546B8-5170-4408-B578-D7969F24279F}.Release|x86.Build.0 = Release|Any CPU
		{C3F15D6F-65C1-473E-8D3A-8697A77367F0}.Debug|Any CPU.ActiveCfg = Debug|Any CPU
		{C3F15D6F-65C1-473E-8D3A-8697A77367F0}.Debug|Any CPU.Build.0 = Debug|Any CPU
		{C3F15D6F-65C1-473E-8D3A-8697A77367F0}.Debug|x64.ActiveCfg = Debug|Any CPU
		{C3F15D6F-65C1-473E-8D3A-8697A77367F0}.Debug|x64.Build.0 = Debug|Any CPU
		{C3F15D6F-65C1-473E-8D3A-8697A77367F0}.Debug|x86.ActiveCfg = Debug|Any CPU
		{C3F15D6F-65C1-473E-8D3A-8697A77367F0}.Debug|x86.Build.0 = Debug|Any CPU
		{C3F15D6F-65C1-473E-8D3A-8697A77367F0}.Release|Any CPU.ActiveCfg = Release|Any CPU
		{C3F15D6F-65C1-473E-8D3A-8697A77367F0}.Release|Any CPU.Build.0 = Release|Any CPU
		{C3F15D6F-65C1-473E-8D3A-8697A77367F0}.Release|x64.ActiveCfg = Release|Any CPU
		{C3F15D6F-65C1-473E-8D3A-8697A77367F0}.Release|x64.Build.0 = Release|Any CPU
		{C3F15D6F-65C1-473E-8D3A-8697A77367F0}.Release|x86.ActiveCfg = Release|Any CPU
		{C3F15D6F-65C1-473E-8D3A-8697A77367F0}.Release|x86.Build.0 = Release|Any CPU
		{4E3B46EE-4498-4C4A-8DAA-8148A1AF5B67}.Debug|Any CPU.ActiveCfg = Debug|Any CPU
		{4E3B46EE-4498-4C4A-8DAA-8148A1AF5B67}.Debug|Any CPU.Build.0 = Debug|Any CPU
		{4E3B46EE-4498-4C4A-8DAA-8148A1AF5B67}.Debug|x64.ActiveCfg = Debug|Any CPU
		{4E3B46EE-4498-4C4A-8DAA-8148A1AF5B67}.Debug|x64.Build.0 = Debug|Any CPU
		{4E3B46EE-4498-4C4A-8DAA-8148A1AF5B67}.Debug|x86.ActiveCfg = Debug|Any CPU
		{4E3B46EE-4498-4C4A-8DAA-8148A1AF5B67}.Debug|x86.Build.0 = Debug|Any CPU
		{4E3B46EE-4498-4C4A-8DAA-8148A1AF5B67}.Release|Any CPU.ActiveCfg = Release|Any CPU
		{4E3B46EE-4498-4C4A-8DAA-8148A1AF5B67}.Release|Any CPU.Build.0 = Release|Any CPU
		{4E3B46EE-4498-4C4A-8DAA-8148A1AF5B67}.Release|x64.ActiveCfg = Release|Any CPU
		{4E3B46EE-4498-4C4A-8DAA-8148A1AF5B67}.Release|x64.Build.0 = Release|Any CPU
		{4E3B46EE-4498-4C4A-8DAA-8148A1AF5B67}.Release|x86.ActiveCfg = Release|Any CPU
		{4E3B46EE-4498-4C4A-8DAA-8148A1AF5B67}.Release|x86.Build.0 = Release|Any CPU
		{0A00619A-1A93-4C63-8101-1C98A3A3DA1F}.Debug|Any CPU.ActiveCfg = Debug|Any CPU
		{0A00619A-1A93-4C63-8101-1C98A3A3DA1F}.Debug|Any CPU.Build.0 = Debug|Any CPU
		{0A00619A-1A93-4C63-8101-1C98A3A3DA1F}.Debug|x64.ActiveCfg = Debug|Any CPU
		{0A00619A-1A93-4C63-8101-1C98A3A3DA1F}.Debug|x64.Build.0 = Debug|Any CPU
		{0A00619A-1A93-4C63-8101-1C98A3A3DA1F}.Debug|x86.ActiveCfg = Debug|Any CPU
		{0A00619A-1A93-4C63-8101-1C98A3A3DA1F}.Debug|x86.Build.0 = Debug|Any CPU
		{0A00619A-1A93-4C63-8101-1C98A3A3DA1F}.Release|Any CPU.ActiveCfg = Release|Any CPU
		{0A00619A-1A93-4C63-8101-1C98A3A3DA1F}.Release|Any CPU.Build.0 = Release|Any CPU
		{0A00619A-1A93-4C63-8101-1C98A3A3DA1F}.Release|x64.ActiveCfg = Release|Any CPU
		{0A00619A-1A93-4C63-8101-1C98A3A3DA1F}.Release|x64.Build.0 = Release|Any CPU
		{0A00619A-1A93-4C63-8101-1C98A3A3DA1F}.Release|x86.ActiveCfg = Release|Any CPU
		{0A00619A-1A93-4C63-8101-1C98A3A3DA1F}.Release|x86.Build.0 = Release|Any CPU
		{A6D6E575-47B4-4093-9C86-123669DBD06C}.Debug|Any CPU.ActiveCfg = Debug|Any CPU
		{A6D6E575-47B4-4093-9C86-123669DBD06C}.Debug|Any CPU.Build.0 = Debug|Any CPU
		{A6D6E575-47B4-4093-9C86-123669DBD06C}.Debug|x64.ActiveCfg = Debug|Any CPU
		{A6D6E575-47B4-4093-9C86-123669DBD06C}.Debug|x64.Build.0 = Debug|Any CPU
		{A6D6E575-47B4-4093-9C86-123669DBD06C}.Debug|x86.ActiveCfg = Debug|Any CPU
		{A6D6E575-47B4-4093-9C86-123669DBD06C}.Debug|x86.Build.0 = Debug|Any CPU
		{A6D6E575-47B4-4093-9C86-123669DBD06C}.Release|Any CPU.ActiveCfg = Release|Any CPU
		{A6D6E575-47B4-4093-9C86-123669DBD06C}.Release|Any CPU.Build.0 = Release|Any CPU
		{A6D6E575-47B4-4093-9C86-123669DBD06C}.Release|x64.ActiveCfg = Release|Any CPU
		{A6D6E575-47B4-4093-9C86-123669DBD06C}.Release|x64.Build.0 = Release|Any CPU
		{A6D6E575-47B4-4093-9C86-123669DBD06C}.Release|x86.ActiveCfg = Release|Any CPU
		{A6D6E575-47B4-4093-9C86-123669DBD06C}.Release|x86.Build.0 = Release|Any CPU
		{64B8DB0B-6574-4D69-AC21-11650D831B30}.Debug|Any CPU.ActiveCfg = Debug|Any CPU
		{64B8DB0B-6574-4D69-AC21-11650D831B30}.Debug|Any CPU.Build.0 = Debug|Any CPU
		{64B8DB0B-6574-4D69-AC21-11650D831B30}.Debug|x64.ActiveCfg = Debug|Any CPU
		{64B8DB0B-6574-4D69-AC21-11650D831B30}.Debug|x64.Build.0 = Debug|Any CPU
		{64B8DB0B-6574-4D69-AC21-11650D831B30}.Debug|x86.ActiveCfg = Debug|Any CPU
		{64B8DB0B-6574-4D69-AC21-11650D831B30}.Debug|x86.Build.0 = Debug|Any CPU
		{64B8DB0B-6574-4D69-AC21-11650D831B30}.Release|Any CPU.ActiveCfg = Release|Any CPU
		{64B8DB0B-6574-4D69-AC21-11650D831B30}.Release|Any CPU.Build.0 = Release|Any CPU
		{64B8DB0B-6574-4D69-AC21-11650D831B30}.Release|x64.ActiveCfg = Release|Any CPU
		{64B8DB0B-6574-4D69-AC21-11650D831B30}.Release|x64.Build.0 = Release|Any CPU
		{64B8DB0B-6574-4D69-AC21-11650D831B30}.Release|x86.ActiveCfg = Release|Any CPU
		{64B8DB0B-6574-4D69-AC21-11650D831B30}.Release|x86.Build.0 = Release|Any CPU
		{3CEF2AF6-2C5B-4425-AC3C-18A9B7C1B98C}.Debug|Any CPU.ActiveCfg = Debug|Any CPU
		{3CEF2AF6-2C5B-4425-AC3C-18A9B7C1B98C}.Debug|Any CPU.Build.0 = Debug|Any CPU
		{3CEF2AF6-2C5B-4425-AC3C-18A9B7C1B98C}.Debug|x64.ActiveCfg = Debug|Any CPU
		{3CEF2AF6-2C5B-4425-AC3C-18A9B7C1B98C}.Debug|x64.Build.0 = Debug|Any CPU
		{3CEF2AF6-2C5B-4425-AC3C-18A9B7C1B98C}.Debug|x86.ActiveCfg = Debug|Any CPU
		{3CEF2AF6-2C5B-4425-AC3C-18A9B7C1B98C}.Debug|x86.Build.0 = Debug|Any CPU
		{3CEF2AF6-2C5B-4425-AC3C-18A9B7C1B98C}.Release|Any CPU.ActiveCfg = Release|Any CPU
		{3CEF2AF6-2C5B-4425-AC3C-18A9B7C1B98C}.Release|Any CPU.Build.0 = Release|Any CPU
		{3CEF2AF6-2C5B-4425-AC3C-18A9B7C1B98C}.Release|x64.ActiveCfg = Release|Any CPU
		{3CEF2AF6-2C5B-4425-AC3C-18A9B7C1B98C}.Release|x64.Build.0 = Release|Any CPU
		{3CEF2AF6-2C5B-4425-AC3C-18A9B7C1B98C}.Release|x86.ActiveCfg = Release|Any CPU
		{3CEF2AF6-2C5B-4425-AC3C-18A9B7C1B98C}.Release|x86.Build.0 = Release|Any CPU
		{37D7C654-3A91-49AD-A872-F8EECB41EB3A}.Debug|Any CPU.ActiveCfg = Debug|Any CPU
		{37D7C654-3A91-49AD-A872-F8EECB41EB3A}.Debug|Any CPU.Build.0 = Debug|Any CPU
		{37D7C654-3A91-49AD-A872-F8EECB41EB3A}.Debug|x64.ActiveCfg = Debug|Any CPU
		{37D7C654-3A91-49AD-A872-F8EECB41EB3A}.Debug|x64.Build.0 = Debug|Any CPU
		{37D7C654-3A91-49AD-A872-F8EECB41EB3A}.Debug|x86.ActiveCfg = Debug|Any CPU
		{37D7C654-3A91-49AD-A872-F8EECB41EB3A}.Debug|x86.Build.0 = Debug|Any CPU
		{37D7C654-3A91-49AD-A872-F8EECB41EB3A}.Release|Any CPU.ActiveCfg = Release|Any CPU
		{37D7C654-3A91-49AD-A872-F8EECB41EB3A}.Release|Any CPU.Build.0 = Release|Any CPU
		{37D7C654-3A91-49AD-A872-F8EECB41EB3A}.Release|x64.ActiveCfg = Release|Any CPU
		{37D7C654-3A91-49AD-A872-F8EECB41EB3A}.Release|x64.Build.0 = Release|Any CPU
		{37D7C654-3A91-49AD-A872-F8EECB41EB3A}.Release|x86.ActiveCfg = Release|Any CPU
		{37D7C654-3A91-49AD-A872-F8EECB41EB3A}.Release|x86.Build.0 = Release|Any CPU
		{72395853-33D2-4374-AC53-E3B4104804BD}.Debug|Any CPU.ActiveCfg = Debug|Any CPU
		{72395853-33D2-4374-AC53-E3B4104804BD}.Debug|Any CPU.Build.0 = Debug|Any CPU
		{72395853-33D2-4374-AC53-E3B4104804BD}.Debug|x64.ActiveCfg = Debug|Any CPU
		{72395853-33D2-4374-AC53-E3B4104804BD}.Debug|x64.Build.0 = Debug|Any CPU
		{72395853-33D2-4374-AC53-E3B4104804BD}.Debug|x86.ActiveCfg = Debug|Any CPU
		{72395853-33D2-4374-AC53-E3B4104804BD}.Debug|x86.Build.0 = Debug|Any CPU
		{72395853-33D2-4374-AC53-E3B4104804BD}.Release|Any CPU.ActiveCfg = Release|Any CPU
		{72395853-33D2-4374-AC53-E3B4104804BD}.Release|Any CPU.Build.0 = Release|Any CPU
		{72395853-33D2-4374-AC53-E3B4104804BD}.Release|x64.ActiveCfg = Release|Any CPU
		{72395853-33D2-4374-AC53-E3B4104804BD}.Release|x64.Build.0 = Release|Any CPU
		{72395853-33D2-4374-AC53-E3B4104804BD}.Release|x86.ActiveCfg = Release|Any CPU
		{72395853-33D2-4374-AC53-E3B4104804BD}.Release|x86.Build.0 = Release|Any CPU
		{AB995A5A-589B-494E-B237-F1586CF3963A}.Debug|Any CPU.ActiveCfg = Debug|Any CPU
		{AB995A5A-589B-494E-B237-F1586CF3963A}.Debug|Any CPU.Build.0 = Debug|Any CPU
		{AB995A5A-589B-494E-B237-F1586CF3963A}.Debug|x64.ActiveCfg = Debug|Any CPU
		{AB995A5A-589B-494E-B237-F1586CF3963A}.Debug|x64.Build.0 = Debug|Any CPU
		{AB995A5A-589B-494E-B237-F1586CF3963A}.Debug|x86.ActiveCfg = Debug|Any CPU
		{AB995A5A-589B-494E-B237-F1586CF3963A}.Debug|x86.Build.0 = Debug|Any CPU
		{AB995A5A-589B-494E-B237-F1586CF3963A}.Release|Any CPU.ActiveCfg = Release|Any CPU
		{AB995A5A-589B-494E-B237-F1586CF3963A}.Release|Any CPU.Build.0 = Release|Any CPU
		{AB995A5A-589B-494E-B237-F1586CF3963A}.Release|x64.ActiveCfg = Release|Any CPU
		{AB995A5A-589B-494E-B237-F1586CF3963A}.Release|x64.Build.0 = Release|Any CPU
		{AB995A5A-589B-494E-B237-F1586CF3963A}.Release|x86.ActiveCfg = Release|Any CPU
		{AB995A5A-589B-494E-B237-F1586CF3963A}.Release|x86.Build.0 = Release|Any CPU
		{C0D1ABCD-84BB-4914-983A-7A1465D65599}.Debug|Any CPU.ActiveCfg = Debug|Any CPU
		{C0D1ABCD-84BB-4914-983A-7A1465D65599}.Debug|Any CPU.Build.0 = Debug|Any CPU
		{C0D1ABCD-84BB-4914-983A-7A1465D65599}.Debug|x64.ActiveCfg = Debug|Any CPU
		{C0D1ABCD-84BB-4914-983A-7A1465D65599}.Debug|x64.Build.0 = Debug|Any CPU
		{C0D1ABCD-84BB-4914-983A-7A1465D65599}.Debug|x86.ActiveCfg = Debug|Any CPU
		{C0D1ABCD-84BB-4914-983A-7A1465D65599}.Debug|x86.Build.0 = Debug|Any CPU
		{C0D1ABCD-84BB-4914-983A-7A1465D65599}.Release|Any CPU.ActiveCfg = Release|Any CPU
		{C0D1ABCD-84BB-4914-983A-7A1465D65599}.Release|Any CPU.Build.0 = Release|Any CPU
		{C0D1ABCD-84BB-4914-983A-7A1465D65599}.Release|x64.ActiveCfg = Release|Any CPU
		{C0D1ABCD-84BB-4914-983A-7A1465D65599}.Release|x64.Build.0 = Release|Any CPU
		{C0D1ABCD-84BB-4914-983A-7A1465D65599}.Release|x86.ActiveCfg = Release|Any CPU
		{C0D1ABCD-84BB-4914-983A-7A1465D65599}.Release|x86.Build.0 = Release|Any CPU
		{C617581C-DE32-41EB-8D3B-74834FD07771}.Debug|Any CPU.ActiveCfg = Debug|Any CPU
		{C617581C-DE32-41EB-8D3B-74834FD07771}.Debug|Any CPU.Build.0 = Debug|Any CPU
		{C617581C-DE32-41EB-8D3B-74834FD07771}.Debug|x64.ActiveCfg = Debug|Any CPU
		{C617581C-DE32-41EB-8D3B-74834FD07771}.Debug|x64.Build.0 = Debug|Any CPU
		{C617581C-DE32-41EB-8D3B-74834FD07771}.Debug|x86.ActiveCfg = Debug|Any CPU
		{C617581C-DE32-41EB-8D3B-74834FD07771}.Debug|x86.Build.0 = Debug|Any CPU
		{C617581C-DE32-41EB-8D3B-74834FD07771}.Release|Any CPU.ActiveCfg = Release|Any CPU
		{C617581C-DE32-41EB-8D3B-74834FD07771}.Release|Any CPU.Build.0 = Release|Any CPU
		{C617581C-DE32-41EB-8D3B-74834FD07771}.Release|x64.ActiveCfg = Release|Any CPU
		{C617581C-DE32-41EB-8D3B-74834FD07771}.Release|x64.Build.0 = Release|Any CPU
		{C617581C-DE32-41EB-8D3B-74834FD07771}.Release|x86.ActiveCfg = Release|Any CPU
		{C617581C-DE32-41EB-8D3B-74834FD07771}.Release|x86.Build.0 = Release|Any CPU
		{82CA82A6-C151-47F2-B3CB-63EFDB75CB7E}.Debug|Any CPU.ActiveCfg = Debug|Any CPU
		{82CA82A6-C151-47F2-B3CB-63EFDB75CB7E}.Debug|Any CPU.Build.0 = Debug|Any CPU
		{82CA82A6-C151-47F2-B3CB-63EFDB75CB7E}.Debug|x64.ActiveCfg = Debug|Any CPU
		{82CA82A6-C151-47F2-B3CB-63EFDB75CB7E}.Debug|x64.Build.0 = Debug|Any CPU
		{82CA82A6-C151-47F2-B3CB-63EFDB75CB7E}.Debug|x86.ActiveCfg = Debug|Any CPU
		{82CA82A6-C151-47F2-B3CB-63EFDB75CB7E}.Debug|x86.Build.0 = Debug|Any CPU
		{82CA82A6-C151-47F2-B3CB-63EFDB75CB7E}.Release|Any CPU.ActiveCfg = Release|Any CPU
		{82CA82A6-C151-47F2-B3CB-63EFDB75CB7E}.Release|Any CPU.Build.0 = Release|Any CPU
		{82CA82A6-C151-47F2-B3CB-63EFDB75CB7E}.Release|x64.ActiveCfg = Release|Any CPU
		{82CA82A6-C151-47F2-B3CB-63EFDB75CB7E}.Release|x64.Build.0 = Release|Any CPU
		{82CA82A6-C151-47F2-B3CB-63EFDB75CB7E}.Release|x86.ActiveCfg = Release|Any CPU
		{82CA82A6-C151-47F2-B3CB-63EFDB75CB7E}.Release|x86.Build.0 = Release|Any CPU
		{28B8C5FC-0B19-4E8B-9AA0-C408224263E2}.Debug|Any CPU.ActiveCfg = Debug|Any CPU
		{28B8C5FC-0B19-4E8B-9AA0-C408224263E2}.Debug|Any CPU.Build.0 = Debug|Any CPU
		{28B8C5FC-0B19-4E8B-9AA0-C408224263E2}.Debug|x64.ActiveCfg = Debug|Any CPU
		{28B8C5FC-0B19-4E8B-9AA0-C408224263E2}.Debug|x64.Build.0 = Debug|Any CPU
		{28B8C5FC-0B19-4E8B-9AA0-C408224263E2}.Debug|x86.ActiveCfg = Debug|Any CPU
		{28B8C5FC-0B19-4E8B-9AA0-C408224263E2}.Debug|x86.Build.0 = Debug|Any CPU
		{28B8C5FC-0B19-4E8B-9AA0-C408224263E2}.Release|Any CPU.ActiveCfg = Release|Any CPU
		{28B8C5FC-0B19-4E8B-9AA0-C408224263E2}.Release|Any CPU.Build.0 = Release|Any CPU
		{28B8C5FC-0B19-4E8B-9AA0-C408224263E2}.Release|x64.ActiveCfg = Release|Any CPU
		{28B8C5FC-0B19-4E8B-9AA0-C408224263E2}.Release|x64.Build.0 = Release|Any CPU
		{28B8C5FC-0B19-4E8B-9AA0-C408224263E2}.Release|x86.ActiveCfg = Release|Any CPU
		{28B8C5FC-0B19-4E8B-9AA0-C408224263E2}.Release|x86.Build.0 = Release|Any CPU
		{319C526C-9B56-42D4-ABA9-147076794237}.Debug|Any CPU.ActiveCfg = Debug|Any CPU
		{319C526C-9B56-42D4-ABA9-147076794237}.Debug|Any CPU.Build.0 = Debug|Any CPU
		{319C526C-9B56-42D4-ABA9-147076794237}.Debug|x64.ActiveCfg = Debug|Any CPU
		{319C526C-9B56-42D4-ABA9-147076794237}.Debug|x64.Build.0 = Debug|Any CPU
		{319C526C-9B56-42D4-ABA9-147076794237}.Debug|x86.ActiveCfg = Debug|Any CPU
		{319C526C-9B56-42D4-ABA9-147076794237}.Debug|x86.Build.0 = Debug|Any CPU
		{319C526C-9B56-42D4-ABA9-147076794237}.Release|Any CPU.ActiveCfg = Release|Any CPU
		{319C526C-9B56-42D4-ABA9-147076794237}.Release|Any CPU.Build.0 = Release|Any CPU
		{319C526C-9B56-42D4-ABA9-147076794237}.Release|x64.ActiveCfg = Release|Any CPU
		{319C526C-9B56-42D4-ABA9-147076794237}.Release|x64.Build.0 = Release|Any CPU
		{319C526C-9B56-42D4-ABA9-147076794237}.Release|x86.ActiveCfg = Release|Any CPU
		{319C526C-9B56-42D4-ABA9-147076794237}.Release|x86.Build.0 = Release|Any CPU
		{EF43DC1E-4711-4BA5-858F-778D51C13D75}.Debug|Any CPU.ActiveCfg = Debug|Any CPU
		{EF43DC1E-4711-4BA5-858F-778D51C13D75}.Debug|Any CPU.Build.0 = Debug|Any CPU
		{EF43DC1E-4711-4BA5-858F-778D51C13D75}.Debug|x64.ActiveCfg = Debug|Any CPU
		{EF43DC1E-4711-4BA5-858F-778D51C13D75}.Debug|x64.Build.0 = Debug|Any CPU
		{EF43DC1E-4711-4BA5-858F-778D51C13D75}.Debug|x86.ActiveCfg = Debug|Any CPU
		{EF43DC1E-4711-4BA5-858F-778D51C13D75}.Debug|x86.Build.0 = Debug|Any CPU
		{EF43DC1E-4711-4BA5-858F-778D51C13D75}.Release|Any CPU.ActiveCfg = Release|Any CPU
		{EF43DC1E-4711-4BA5-858F-778D51C13D75}.Release|Any CPU.Build.0 = Release|Any CPU
		{EF43DC1E-4711-4BA5-858F-778D51C13D75}.Release|x64.ActiveCfg = Release|Any CPU
		{EF43DC1E-4711-4BA5-858F-778D51C13D75}.Release|x64.Build.0 = Release|Any CPU
		{EF43DC1E-4711-4BA5-858F-778D51C13D75}.Release|x86.ActiveCfg = Release|Any CPU
		{EF43DC1E-4711-4BA5-858F-778D51C13D75}.Release|x86.Build.0 = Release|Any CPU
		{35C5A34B-29E8-438F-9833-8DE3C641A26C}.Debug|Any CPU.ActiveCfg = Debug|Any CPU
		{35C5A34B-29E8-438F-9833-8DE3C641A26C}.Debug|Any CPU.Build.0 = Debug|Any CPU
		{35C5A34B-29E8-438F-9833-8DE3C641A26C}.Debug|x64.ActiveCfg = Debug|Any CPU
		{35C5A34B-29E8-438F-9833-8DE3C641A26C}.Debug|x64.Build.0 = Debug|Any CPU
		{35C5A34B-29E8-438F-9833-8DE3C641A26C}.Debug|x86.ActiveCfg = Debug|Any CPU
		{35C5A34B-29E8-438F-9833-8DE3C641A26C}.Debug|x86.Build.0 = Debug|Any CPU
		{35C5A34B-29E8-438F-9833-8DE3C641A26C}.Release|Any CPU.ActiveCfg = Release|Any CPU
		{35C5A34B-29E8-438F-9833-8DE3C641A26C}.Release|Any CPU.Build.0 = Release|Any CPU
		{35C5A34B-29E8-438F-9833-8DE3C641A26C}.Release|x64.ActiveCfg = Release|Any CPU
		{35C5A34B-29E8-438F-9833-8DE3C641A26C}.Release|x64.Build.0 = Release|Any CPU
		{35C5A34B-29E8-438F-9833-8DE3C641A26C}.Release|x86.ActiveCfg = Release|Any CPU
		{35C5A34B-29E8-438F-9833-8DE3C641A26C}.Release|x86.Build.0 = Release|Any CPU
		{6F3FB578-0D16-4DDA-82E9-FF7224D62C3B}.Debug|Any CPU.ActiveCfg = Debug|Any CPU
		{6F3FB578-0D16-4DDA-82E9-FF7224D62C3B}.Debug|Any CPU.Build.0 = Debug|Any CPU
		{6F3FB578-0D16-4DDA-82E9-FF7224D62C3B}.Debug|x64.ActiveCfg = Debug|Any CPU
		{6F3FB578-0D16-4DDA-82E9-FF7224D62C3B}.Debug|x64.Build.0 = Debug|Any CPU
		{6F3FB578-0D16-4DDA-82E9-FF7224D62C3B}.Debug|x86.ActiveCfg = Debug|Any CPU
		{6F3FB578-0D16-4DDA-82E9-FF7224D62C3B}.Debug|x86.Build.0 = Debug|Any CPU
		{6F3FB578-0D16-4DDA-82E9-FF7224D62C3B}.Release|Any CPU.ActiveCfg = Release|Any CPU
		{6F3FB578-0D16-4DDA-82E9-FF7224D62C3B}.Release|Any CPU.Build.0 = Release|Any CPU
		{6F3FB578-0D16-4DDA-82E9-FF7224D62C3B}.Release|x64.ActiveCfg = Release|Any CPU
		{6F3FB578-0D16-4DDA-82E9-FF7224D62C3B}.Release|x64.Build.0 = Release|Any CPU
		{6F3FB578-0D16-4DDA-82E9-FF7224D62C3B}.Release|x86.ActiveCfg = Release|Any CPU
		{6F3FB578-0D16-4DDA-82E9-FF7224D62C3B}.Release|x86.Build.0 = Release|Any CPU
		{4DB7F4F1-891E-48DE-9579-EA853740ABF4}.Debug|Any CPU.ActiveCfg = Debug|Any CPU
		{4DB7F4F1-891E-48DE-9579-EA853740ABF4}.Debug|Any CPU.Build.0 = Debug|Any CPU
		{4DB7F4F1-891E-48DE-9579-EA853740ABF4}.Debug|x64.ActiveCfg = Debug|Any CPU
		{4DB7F4F1-891E-48DE-9579-EA853740ABF4}.Debug|x64.Build.0 = Debug|Any CPU
		{4DB7F4F1-891E-48DE-9579-EA853740ABF4}.Debug|x86.ActiveCfg = Debug|Any CPU
		{4DB7F4F1-891E-48DE-9579-EA853740ABF4}.Debug|x86.Build.0 = Debug|Any CPU
		{4DB7F4F1-891E-48DE-9579-EA853740ABF4}.Release|Any CPU.ActiveCfg = Release|Any CPU
		{4DB7F4F1-891E-48DE-9579-EA853740ABF4}.Release|Any CPU.Build.0 = Release|Any CPU
		{4DB7F4F1-891E-48DE-9579-EA853740ABF4}.Release|x64.ActiveCfg = Release|Any CPU
		{4DB7F4F1-891E-48DE-9579-EA853740ABF4}.Release|x64.Build.0 = Release|Any CPU
		{4DB7F4F1-891E-48DE-9579-EA853740ABF4}.Release|x86.ActiveCfg = Release|Any CPU
		{4DB7F4F1-891E-48DE-9579-EA853740ABF4}.Release|x86.Build.0 = Release|Any CPU
		{ECA55B57-F24C-449A-A3BB-ABE6875BCCC7}.Debug|Any CPU.ActiveCfg = Debug|Any CPU
		{ECA55B57-F24C-449A-A3BB-ABE6875BCCC7}.Debug|Any CPU.Build.0 = Debug|Any CPU
		{ECA55B57-F24C-449A-A3BB-ABE6875BCCC7}.Debug|x64.ActiveCfg = Debug|Any CPU
		{ECA55B57-F24C-449A-A3BB-ABE6875BCCC7}.Debug|x64.Build.0 = Debug|Any CPU
		{ECA55B57-F24C-449A-A3BB-ABE6875BCCC7}.Debug|x86.ActiveCfg = Debug|Any CPU
		{ECA55B57-F24C-449A-A3BB-ABE6875BCCC7}.Debug|x86.Build.0 = Debug|Any CPU
		{ECA55B57-F24C-449A-A3BB-ABE6875BCCC7}.Release|Any CPU.ActiveCfg = Release|Any CPU
		{ECA55B57-F24C-449A-A3BB-ABE6875BCCC7}.Release|Any CPU.Build.0 = Release|Any CPU
		{ECA55B57-F24C-449A-A3BB-ABE6875BCCC7}.Release|x64.ActiveCfg = Release|Any CPU
		{ECA55B57-F24C-449A-A3BB-ABE6875BCCC7}.Release|x64.Build.0 = Release|Any CPU
		{ECA55B57-F24C-449A-A3BB-ABE6875BCCC7}.Release|x86.ActiveCfg = Release|Any CPU
		{ECA55B57-F24C-449A-A3BB-ABE6875BCCC7}.Release|x86.Build.0 = Release|Any CPU
		{F695ABA4-4A80-45F6-B1E3-B3D98F1C0673}.Debug|Any CPU.ActiveCfg = Debug|Any CPU
		{F695ABA4-4A80-45F6-B1E3-B3D98F1C0673}.Debug|Any CPU.Build.0 = Debug|Any CPU
		{F695ABA4-4A80-45F6-B1E3-B3D98F1C0673}.Debug|x64.ActiveCfg = Debug|Any CPU
		{F695ABA4-4A80-45F6-B1E3-B3D98F1C0673}.Debug|x64.Build.0 = Debug|Any CPU
		{F695ABA4-4A80-45F6-B1E3-B3D98F1C0673}.Debug|x86.ActiveCfg = Debug|Any CPU
		{F695ABA4-4A80-45F6-B1E3-B3D98F1C0673}.Debug|x86.Build.0 = Debug|Any CPU
		{F695ABA4-4A80-45F6-B1E3-B3D98F1C0673}.Release|Any CPU.ActiveCfg = Release|Any CPU
		{F695ABA4-4A80-45F6-B1E3-B3D98F1C0673}.Release|Any CPU.Build.0 = Release|Any CPU
		{F695ABA4-4A80-45F6-B1E3-B3D98F1C0673}.Release|x64.ActiveCfg = Release|Any CPU
		{F695ABA4-4A80-45F6-B1E3-B3D98F1C0673}.Release|x64.Build.0 = Release|Any CPU
		{F695ABA4-4A80-45F6-B1E3-B3D98F1C0673}.Release|x86.ActiveCfg = Release|Any CPU
		{F695ABA4-4A80-45F6-B1E3-B3D98F1C0673}.Release|x86.Build.0 = Release|Any CPU
		{6DAEC884-5737-4D5B-AEBE-C365CC3BFEA2}.Debug|Any CPU.ActiveCfg = Debug|Any CPU
		{6DAEC884-5737-4D5B-AEBE-C365CC3BFEA2}.Debug|Any CPU.Build.0 = Debug|Any CPU
		{6DAEC884-5737-4D5B-AEBE-C365CC3BFEA2}.Debug|x64.ActiveCfg = Debug|Any CPU
		{6DAEC884-5737-4D5B-AEBE-C365CC3BFEA2}.Debug|x64.Build.0 = Debug|Any CPU
		{6DAEC884-5737-4D5B-AEBE-C365CC3BFEA2}.Debug|x86.ActiveCfg = Debug|Any CPU
		{6DAEC884-5737-4D5B-AEBE-C365CC3BFEA2}.Debug|x86.Build.0 = Debug|Any CPU
		{6DAEC884-5737-4D5B-AEBE-C365CC3BFEA2}.Release|Any CPU.ActiveCfg = Release|Any CPU
		{6DAEC884-5737-4D5B-AEBE-C365CC3BFEA2}.Release|Any CPU.Build.0 = Release|Any CPU
		{6DAEC884-5737-4D5B-AEBE-C365CC3BFEA2}.Release|x64.ActiveCfg = Release|Any CPU
		{6DAEC884-5737-4D5B-AEBE-C365CC3BFEA2}.Release|x64.Build.0 = Release|Any CPU
		{6DAEC884-5737-4D5B-AEBE-C365CC3BFEA2}.Release|x86.ActiveCfg = Release|Any CPU
		{6DAEC884-5737-4D5B-AEBE-C365CC3BFEA2}.Release|x86.Build.0 = Release|Any CPU
		{4DA17D07-AB19-48A2-BE1E-E2451FA139E5}.Debug|Any CPU.ActiveCfg = Debug|Any CPU
		{4DA17D07-AB19-48A2-BE1E-E2451FA139E5}.Debug|Any CPU.Build.0 = Debug|Any CPU
		{4DA17D07-AB19-48A2-BE1E-E2451FA139E5}.Debug|x64.ActiveCfg = Debug|Any CPU
		{4DA17D07-AB19-48A2-BE1E-E2451FA139E5}.Debug|x64.Build.0 = Debug|Any CPU
		{4DA17D07-AB19-48A2-BE1E-E2451FA139E5}.Debug|x86.ActiveCfg = Debug|Any CPU
		{4DA17D07-AB19-48A2-BE1E-E2451FA139E5}.Debug|x86.Build.0 = Debug|Any CPU
		{4DA17D07-AB19-48A2-BE1E-E2451FA139E5}.Release|Any CPU.ActiveCfg = Release|Any CPU
		{4DA17D07-AB19-48A2-BE1E-E2451FA139E5}.Release|Any CPU.Build.0 = Release|Any CPU
		{4DA17D07-AB19-48A2-BE1E-E2451FA139E5}.Release|x64.ActiveCfg = Release|Any CPU
		{4DA17D07-AB19-48A2-BE1E-E2451FA139E5}.Release|x64.Build.0 = Release|Any CPU
		{4DA17D07-AB19-48A2-BE1E-E2451FA139E5}.Release|x86.ActiveCfg = Release|Any CPU
		{4DA17D07-AB19-48A2-BE1E-E2451FA139E5}.Release|x86.Build.0 = Release|Any CPU
		{9CCDB8EB-B7B7-4B0D-A44E-72591EBD093C}.Debug|Any CPU.ActiveCfg = Debug|Any CPU
		{9CCDB8EB-B7B7-4B0D-A44E-72591EBD093C}.Debug|Any CPU.Build.0 = Debug|Any CPU
		{9CCDB8EB-B7B7-4B0D-A44E-72591EBD093C}.Debug|x64.ActiveCfg = Debug|Any CPU
		{9CCDB8EB-B7B7-4B0D-A44E-72591EBD093C}.Debug|x64.Build.0 = Debug|Any CPU
		{9CCDB8EB-B7B7-4B0D-A44E-72591EBD093C}.Debug|x86.ActiveCfg = Debug|Any CPU
		{9CCDB8EB-B7B7-4B0D-A44E-72591EBD093C}.Debug|x86.Build.0 = Debug|Any CPU
		{9CCDB8EB-B7B7-4B0D-A44E-72591EBD093C}.Release|Any CPU.ActiveCfg = Release|Any CPU
		{9CCDB8EB-B7B7-4B0D-A44E-72591EBD093C}.Release|Any CPU.Build.0 = Release|Any CPU
		{9CCDB8EB-B7B7-4B0D-A44E-72591EBD093C}.Release|x64.ActiveCfg = Release|Any CPU
		{9CCDB8EB-B7B7-4B0D-A44E-72591EBD093C}.Release|x64.Build.0 = Release|Any CPU
		{9CCDB8EB-B7B7-4B0D-A44E-72591EBD093C}.Release|x86.ActiveCfg = Release|Any CPU
		{9CCDB8EB-B7B7-4B0D-A44E-72591EBD093C}.Release|x86.Build.0 = Release|Any CPU
		{3A837F97-C24D-4AE4-8679-A618064ACEA4}.Debug|Any CPU.ActiveCfg = Debug|Any CPU
		{3A837F97-C24D-4AE4-8679-A618064ACEA4}.Debug|Any CPU.Build.0 = Debug|Any CPU
		{3A837F97-C24D-4AE4-8679-A618064ACEA4}.Debug|x64.ActiveCfg = Debug|Any CPU
		{3A837F97-C24D-4AE4-8679-A618064ACEA4}.Debug|x64.Build.0 = Debug|Any CPU
		{3A837F97-C24D-4AE4-8679-A618064ACEA4}.Debug|x86.ActiveCfg = Debug|Any CPU
		{3A837F97-C24D-4AE4-8679-A618064ACEA4}.Debug|x86.Build.0 = Debug|Any CPU
		{3A837F97-C24D-4AE4-8679-A618064ACEA4}.Release|Any CPU.ActiveCfg = Release|Any CPU
		{3A837F97-C24D-4AE4-8679-A618064ACEA4}.Release|Any CPU.Build.0 = Release|Any CPU
		{3A837F97-C24D-4AE4-8679-A618064ACEA4}.Release|x64.ActiveCfg = Release|Any CPU
		{3A837F97-C24D-4AE4-8679-A618064ACEA4}.Release|x64.Build.0 = Release|Any CPU
		{3A837F97-C24D-4AE4-8679-A618064ACEA4}.Release|x86.ActiveCfg = Release|Any CPU
		{3A837F97-C24D-4AE4-8679-A618064ACEA4}.Release|x86.Build.0 = Release|Any CPU
		{ACC31328-F2FF-4B53-9BF1-324A95C37F69}.Debug|Any CPU.ActiveCfg = Debug|Any CPU
		{ACC31328-F2FF-4B53-9BF1-324A95C37F69}.Debug|Any CPU.Build.0 = Debug|Any CPU
		{ACC31328-F2FF-4B53-9BF1-324A95C37F69}.Debug|x64.ActiveCfg = Debug|Any CPU
		{ACC31328-F2FF-4B53-9BF1-324A95C37F69}.Debug|x64.Build.0 = Debug|Any CPU
		{ACC31328-F2FF-4B53-9BF1-324A95C37F69}.Debug|x86.ActiveCfg = Debug|Any CPU
		{ACC31328-F2FF-4B53-9BF1-324A95C37F69}.Debug|x86.Build.0 = Debug|Any CPU
		{ACC31328-F2FF-4B53-9BF1-324A95C37F69}.Release|Any CPU.ActiveCfg = Release|Any CPU
		{ACC31328-F2FF-4B53-9BF1-324A95C37F69}.Release|Any CPU.Build.0 = Release|Any CPU
		{ACC31328-F2FF-4B53-9BF1-324A95C37F69}.Release|x64.ActiveCfg = Release|Any CPU
		{ACC31328-F2FF-4B53-9BF1-324A95C37F69}.Release|x64.Build.0 = Release|Any CPU
		{ACC31328-F2FF-4B53-9BF1-324A95C37F69}.Release|x86.ActiveCfg = Release|Any CPU
		{ACC31328-F2FF-4B53-9BF1-324A95C37F69}.Release|x86.Build.0 = Release|Any CPU
		{5EDF3495-CDE8-4AFB-8662-7F50C058AB6B}.Debug|Any CPU.ActiveCfg = Debug|Any CPU
		{5EDF3495-CDE8-4AFB-8662-7F50C058AB6B}.Debug|Any CPU.Build.0 = Debug|Any CPU
		{5EDF3495-CDE8-4AFB-8662-7F50C058AB6B}.Debug|x64.ActiveCfg = Debug|Any CPU
		{5EDF3495-CDE8-4AFB-8662-7F50C058AB6B}.Debug|x64.Build.0 = Debug|Any CPU
		{5EDF3495-CDE8-4AFB-8662-7F50C058AB6B}.Debug|x86.ActiveCfg = Debug|Any CPU
		{5EDF3495-CDE8-4AFB-8662-7F50C058AB6B}.Debug|x86.Build.0 = Debug|Any CPU
		{5EDF3495-CDE8-4AFB-8662-7F50C058AB6B}.Release|Any CPU.ActiveCfg = Release|Any CPU
		{5EDF3495-CDE8-4AFB-8662-7F50C058AB6B}.Release|Any CPU.Build.0 = Release|Any CPU
		{5EDF3495-CDE8-4AFB-8662-7F50C058AB6B}.Release|x64.ActiveCfg = Release|Any CPU
		{5EDF3495-CDE8-4AFB-8662-7F50C058AB6B}.Release|x64.Build.0 = Release|Any CPU
		{5EDF3495-CDE8-4AFB-8662-7F50C058AB6B}.Release|x86.ActiveCfg = Release|Any CPU
		{5EDF3495-CDE8-4AFB-8662-7F50C058AB6B}.Release|x86.Build.0 = Release|Any CPU
		{D90BA181-8187-4386-A6B7-2A36D72EE9C3}.Debug|Any CPU.ActiveCfg = Debug|Any CPU
		{D90BA181-8187-4386-A6B7-2A36D72EE9C3}.Debug|Any CPU.Build.0 = Debug|Any CPU
		{D90BA181-8187-4386-A6B7-2A36D72EE9C3}.Debug|x64.ActiveCfg = Debug|Any CPU
		{D90BA181-8187-4386-A6B7-2A36D72EE9C3}.Debug|x64.Build.0 = Debug|Any CPU
		{D90BA181-8187-4386-A6B7-2A36D72EE9C3}.Debug|x86.ActiveCfg = Debug|Any CPU
		{D90BA181-8187-4386-A6B7-2A36D72EE9C3}.Debug|x86.Build.0 = Debug|Any CPU
		{D90BA181-8187-4386-A6B7-2A36D72EE9C3}.Release|Any CPU.ActiveCfg = Release|Any CPU
		{D90BA181-8187-4386-A6B7-2A36D72EE9C3}.Release|Any CPU.Build.0 = Release|Any CPU
		{D90BA181-8187-4386-A6B7-2A36D72EE9C3}.Release|x64.ActiveCfg = Release|Any CPU
		{D90BA181-8187-4386-A6B7-2A36D72EE9C3}.Release|x64.Build.0 = Release|Any CPU
		{D90BA181-8187-4386-A6B7-2A36D72EE9C3}.Release|x86.ActiveCfg = Release|Any CPU
		{D90BA181-8187-4386-A6B7-2A36D72EE9C3}.Release|x86.Build.0 = Release|Any CPU
		{04AEB74E-3649-481D-8BA0-E0AF63761CE7}.Debug|Any CPU.ActiveCfg = Debug|Any CPU
		{04AEB74E-3649-481D-8BA0-E0AF63761CE7}.Debug|Any CPU.Build.0 = Debug|Any CPU
		{04AEB74E-3649-481D-8BA0-E0AF63761CE7}.Debug|x64.ActiveCfg = Debug|Any CPU
		{04AEB74E-3649-481D-8BA0-E0AF63761CE7}.Debug|x64.Build.0 = Debug|Any CPU
		{04AEB74E-3649-481D-8BA0-E0AF63761CE7}.Debug|x86.ActiveCfg = Debug|Any CPU
		{04AEB74E-3649-481D-8BA0-E0AF63761CE7}.Debug|x86.Build.0 = Debug|Any CPU
		{04AEB74E-3649-481D-8BA0-E0AF63761CE7}.Release|Any CPU.ActiveCfg = Release|Any CPU
		{04AEB74E-3649-481D-8BA0-E0AF63761CE7}.Release|Any CPU.Build.0 = Release|Any CPU
		{04AEB74E-3649-481D-8BA0-E0AF63761CE7}.Release|x64.ActiveCfg = Release|Any CPU
		{04AEB74E-3649-481D-8BA0-E0AF63761CE7}.Release|x64.Build.0 = Release|Any CPU
		{04AEB74E-3649-481D-8BA0-E0AF63761CE7}.Release|x86.ActiveCfg = Release|Any CPU
		{04AEB74E-3649-481D-8BA0-E0AF63761CE7}.Release|x86.Build.0 = Release|Any CPU
		{C120FB46-2E5E-4C4A-A590-D1147C5ADAFC}.Debug|Any CPU.ActiveCfg = Debug|Any CPU
		{C120FB46-2E5E-4C4A-A590-D1147C5ADAFC}.Debug|Any CPU.Build.0 = Debug|Any CPU
		{C120FB46-2E5E-4C4A-A590-D1147C5ADAFC}.Debug|x64.ActiveCfg = Debug|Any CPU
		{C120FB46-2E5E-4C4A-A590-D1147C5ADAFC}.Debug|x64.Build.0 = Debug|Any CPU
		{C120FB46-2E5E-4C4A-A590-D1147C5ADAFC}.Debug|x86.ActiveCfg = Debug|Any CPU
		{C120FB46-2E5E-4C4A-A590-D1147C5ADAFC}.Debug|x86.Build.0 = Debug|Any CPU
		{C120FB46-2E5E-4C4A-A590-D1147C5ADAFC}.Release|Any CPU.ActiveCfg = Release|Any CPU
		{C120FB46-2E5E-4C4A-A590-D1147C5ADAFC}.Release|Any CPU.Build.0 = Release|Any CPU
		{C120FB46-2E5E-4C4A-A590-D1147C5ADAFC}.Release|x64.ActiveCfg = Release|Any CPU
		{C120FB46-2E5E-4C4A-A590-D1147C5ADAFC}.Release|x64.Build.0 = Release|Any CPU
		{C120FB46-2E5E-4C4A-A590-D1147C5ADAFC}.Release|x86.ActiveCfg = Release|Any CPU
		{C120FB46-2E5E-4C4A-A590-D1147C5ADAFC}.Release|x86.Build.0 = Release|Any CPU
		{CFE4959F-6F9B-4810-A4B7-0DC577D3D4D2}.Debug|Any CPU.ActiveCfg = Debug|Any CPU
		{CFE4959F-6F9B-4810-A4B7-0DC577D3D4D2}.Debug|Any CPU.Build.0 = Debug|Any CPU
		{CFE4959F-6F9B-4810-A4B7-0DC577D3D4D2}.Debug|x64.ActiveCfg = Debug|Any CPU
		{CFE4959F-6F9B-4810-A4B7-0DC577D3D4D2}.Debug|x64.Build.0 = Debug|Any CPU
		{CFE4959F-6F9B-4810-A4B7-0DC577D3D4D2}.Debug|x86.ActiveCfg = Debug|Any CPU
		{CFE4959F-6F9B-4810-A4B7-0DC577D3D4D2}.Debug|x86.Build.0 = Debug|Any CPU
		{CFE4959F-6F9B-4810-A4B7-0DC577D3D4D2}.Release|Any CPU.ActiveCfg = Release|Any CPU
		{CFE4959F-6F9B-4810-A4B7-0DC577D3D4D2}.Release|Any CPU.Build.0 = Release|Any CPU
		{CFE4959F-6F9B-4810-A4B7-0DC577D3D4D2}.Release|x64.ActiveCfg = Release|Any CPU
		{CFE4959F-6F9B-4810-A4B7-0DC577D3D4D2}.Release|x64.Build.0 = Release|Any CPU
		{CFE4959F-6F9B-4810-A4B7-0DC577D3D4D2}.Release|x86.ActiveCfg = Release|Any CPU
		{CFE4959F-6F9B-4810-A4B7-0DC577D3D4D2}.Release|x86.Build.0 = Release|Any CPU
		{7FADF820-642A-4B49-9161-92F0D8030251}.Debug|Any CPU.ActiveCfg = Debug|Any CPU
		{7FADF820-642A-4B49-9161-92F0D8030251}.Debug|Any CPU.Build.0 = Debug|Any CPU
		{7FADF820-642A-4B49-9161-92F0D8030251}.Debug|x64.ActiveCfg = Debug|Any CPU
		{7FADF820-642A-4B49-9161-92F0D8030251}.Debug|x64.Build.0 = Debug|Any CPU
		{7FADF820-642A-4B49-9161-92F0D8030251}.Debug|x86.ActiveCfg = Debug|Any CPU
		{7FADF820-642A-4B49-9161-92F0D8030251}.Debug|x86.Build.0 = Debug|Any CPU
		{7FADF820-642A-4B49-9161-92F0D8030251}.Release|Any CPU.ActiveCfg = Release|Any CPU
		{7FADF820-642A-4B49-9161-92F0D8030251}.Release|Any CPU.Build.0 = Release|Any CPU
		{7FADF820-642A-4B49-9161-92F0D8030251}.Release|x64.ActiveCfg = Release|Any CPU
		{7FADF820-642A-4B49-9161-92F0D8030251}.Release|x64.Build.0 = Release|Any CPU
		{7FADF820-642A-4B49-9161-92F0D8030251}.Release|x86.ActiveCfg = Release|Any CPU
		{7FADF820-642A-4B49-9161-92F0D8030251}.Release|x86.Build.0 = Release|Any CPU
		{F2EA6F69-095A-4006-A3AD-3A13A7523E69}.Debug|Any CPU.ActiveCfg = Debug|Any CPU
		{F2EA6F69-095A-4006-A3AD-3A13A7523E69}.Debug|Any CPU.Build.0 = Debug|Any CPU
		{F2EA6F69-095A-4006-A3AD-3A13A7523E69}.Debug|x64.ActiveCfg = Debug|Any CPU
		{F2EA6F69-095A-4006-A3AD-3A13A7523E69}.Debug|x64.Build.0 = Debug|Any CPU
		{F2EA6F69-095A-4006-A3AD-3A13A7523E69}.Debug|x86.ActiveCfg = Debug|Any CPU
		{F2EA6F69-095A-4006-A3AD-3A13A7523E69}.Debug|x86.Build.0 = Debug|Any CPU
		{F2EA6F69-095A-4006-A3AD-3A13A7523E69}.Release|Any CPU.ActiveCfg = Release|Any CPU
		{F2EA6F69-095A-4006-A3AD-3A13A7523E69}.Release|Any CPU.Build.0 = Release|Any CPU
		{F2EA6F69-095A-4006-A3AD-3A13A7523E69}.Release|x64.ActiveCfg = Release|Any CPU
		{F2EA6F69-095A-4006-A3AD-3A13A7523E69}.Release|x64.Build.0 = Release|Any CPU
		{F2EA6F69-095A-4006-A3AD-3A13A7523E69}.Release|x86.ActiveCfg = Release|Any CPU
		{F2EA6F69-095A-4006-A3AD-3A13A7523E69}.Release|x86.Build.0 = Release|Any CPU
		{4DBC2C48-29A6-46D4-A62A-92EA80072CCD}.Debug|Any CPU.ActiveCfg = Debug|Any CPU
		{4DBC2C48-29A6-46D4-A62A-92EA80072CCD}.Debug|Any CPU.Build.0 = Debug|Any CPU
		{4DBC2C48-29A6-46D4-A62A-92EA80072CCD}.Debug|x64.ActiveCfg = Debug|Any CPU
		{4DBC2C48-29A6-46D4-A62A-92EA80072CCD}.Debug|x64.Build.0 = Debug|Any CPU
		{4DBC2C48-29A6-46D4-A62A-92EA80072CCD}.Debug|x86.ActiveCfg = Debug|Any CPU
		{4DBC2C48-29A6-46D4-A62A-92EA80072CCD}.Debug|x86.Build.0 = Debug|Any CPU
		{4DBC2C48-29A6-46D4-A62A-92EA80072CCD}.Release|Any CPU.ActiveCfg = Release|Any CPU
		{4DBC2C48-29A6-46D4-A62A-92EA80072CCD}.Release|Any CPU.Build.0 = Release|Any CPU
		{4DBC2C48-29A6-46D4-A62A-92EA80072CCD}.Release|x64.ActiveCfg = Release|Any CPU
		{4DBC2C48-29A6-46D4-A62A-92EA80072CCD}.Release|x64.Build.0 = Release|Any CPU
		{4DBC2C48-29A6-46D4-A62A-92EA80072CCD}.Release|x86.ActiveCfg = Release|Any CPU
		{4DBC2C48-29A6-46D4-A62A-92EA80072CCD}.Release|x86.Build.0 = Release|Any CPU
		{9BF597E6-D2F1-43FD-9EBA-6FB6D2335A84}.Debug|Any CPU.ActiveCfg = Debug|Any CPU
		{9BF597E6-D2F1-43FD-9EBA-6FB6D2335A84}.Debug|Any CPU.Build.0 = Debug|Any CPU
		{9BF597E6-D2F1-43FD-9EBA-6FB6D2335A84}.Debug|x64.ActiveCfg = Debug|Any CPU
		{9BF597E6-D2F1-43FD-9EBA-6FB6D2335A84}.Debug|x64.Build.0 = Debug|Any CPU
		{9BF597E6-D2F1-43FD-9EBA-6FB6D2335A84}.Debug|x86.ActiveCfg = Debug|Any CPU
		{9BF597E6-D2F1-43FD-9EBA-6FB6D2335A84}.Debug|x86.Build.0 = Debug|Any CPU
		{9BF597E6-D2F1-43FD-9EBA-6FB6D2335A84}.Release|Any CPU.ActiveCfg = Release|Any CPU
		{9BF597E6-D2F1-43FD-9EBA-6FB6D2335A84}.Release|Any CPU.Build.0 = Release|Any CPU
		{9BF597E6-D2F1-43FD-9EBA-6FB6D2335A84}.Release|x64.ActiveCfg = Release|Any CPU
		{9BF597E6-D2F1-43FD-9EBA-6FB6D2335A84}.Release|x64.Build.0 = Release|Any CPU
		{9BF597E6-D2F1-43FD-9EBA-6FB6D2335A84}.Release|x86.ActiveCfg = Release|Any CPU
		{9BF597E6-D2F1-43FD-9EBA-6FB6D2335A84}.Release|x86.Build.0 = Release|Any CPU
		{16C63D15-584D-4020-98D1-4FD1826965D5}.Debug|Any CPU.ActiveCfg = Debug|Any CPU
		{16C63D15-584D-4020-98D1-4FD1826965D5}.Debug|Any CPU.Build.0 = Debug|Any CPU
		{16C63D15-584D-4020-98D1-4FD1826965D5}.Debug|x64.ActiveCfg = Debug|Any CPU
		{16C63D15-584D-4020-98D1-4FD1826965D5}.Debug|x64.Build.0 = Debug|Any CPU
		{16C63D15-584D-4020-98D1-4FD1826965D5}.Debug|x86.ActiveCfg = Debug|Any CPU
		{16C63D15-584D-4020-98D1-4FD1826965D5}.Debug|x86.Build.0 = Debug|Any CPU
		{16C63D15-584D-4020-98D1-4FD1826965D5}.Release|Any CPU.ActiveCfg = Release|Any CPU
		{16C63D15-584D-4020-98D1-4FD1826965D5}.Release|Any CPU.Build.0 = Release|Any CPU
		{16C63D15-584D-4020-98D1-4FD1826965D5}.Release|x64.ActiveCfg = Release|Any CPU
		{16C63D15-584D-4020-98D1-4FD1826965D5}.Release|x64.Build.0 = Release|Any CPU
		{16C63D15-584D-4020-98D1-4FD1826965D5}.Release|x86.ActiveCfg = Release|Any CPU
		{16C63D15-584D-4020-98D1-4FD1826965D5}.Release|x86.Build.0 = Release|Any CPU
		{3536F532-93A4-48B3-BD9D-F0E411C0333C}.Debug|Any CPU.ActiveCfg = Debug|Any CPU
		{3536F532-93A4-48B3-BD9D-F0E411C0333C}.Debug|Any CPU.Build.0 = Debug|Any CPU
		{3536F532-93A4-48B3-BD9D-F0E411C0333C}.Debug|x64.ActiveCfg = Debug|Any CPU
		{3536F532-93A4-48B3-BD9D-F0E411C0333C}.Debug|x64.Build.0 = Debug|Any CPU
		{3536F532-93A4-48B3-BD9D-F0E411C0333C}.Debug|x86.ActiveCfg = Debug|Any CPU
		{3536F532-93A4-48B3-BD9D-F0E411C0333C}.Debug|x86.Build.0 = Debug|Any CPU
		{3536F532-93A4-48B3-BD9D-F0E411C0333C}.Release|Any CPU.ActiveCfg = Release|Any CPU
		{3536F532-93A4-48B3-BD9D-F0E411C0333C}.Release|Any CPU.Build.0 = Release|Any CPU
		{3536F532-93A4-48B3-BD9D-F0E411C0333C}.Release|x64.ActiveCfg = Release|Any CPU
		{3536F532-93A4-48B3-BD9D-F0E411C0333C}.Release|x64.Build.0 = Release|Any CPU
		{3536F532-93A4-48B3-BD9D-F0E411C0333C}.Release|x86.ActiveCfg = Release|Any CPU
		{3536F532-93A4-48B3-BD9D-F0E411C0333C}.Release|x86.Build.0 = Release|Any CPU
		{6C8794BF-D8AD-460D-8AE0-0CBA954E7D46}.Debug|Any CPU.ActiveCfg = Debug|Any CPU
		{6C8794BF-D8AD-460D-8AE0-0CBA954E7D46}.Debug|Any CPU.Build.0 = Debug|Any CPU
		{6C8794BF-D8AD-460D-8AE0-0CBA954E7D46}.Debug|x64.ActiveCfg = Debug|Any CPU
		{6C8794BF-D8AD-460D-8AE0-0CBA954E7D46}.Debug|x64.Build.0 = Debug|Any CPU
		{6C8794BF-D8AD-460D-8AE0-0CBA954E7D46}.Debug|x86.ActiveCfg = Debug|Any CPU
		{6C8794BF-D8AD-460D-8AE0-0CBA954E7D46}.Debug|x86.Build.0 = Debug|Any CPU
		{6C8794BF-D8AD-460D-8AE0-0CBA954E7D46}.Release|Any CPU.ActiveCfg = Release|Any CPU
		{6C8794BF-D8AD-460D-8AE0-0CBA954E7D46}.Release|Any CPU.Build.0 = Release|Any CPU
		{6C8794BF-D8AD-460D-8AE0-0CBA954E7D46}.Release|x64.ActiveCfg = Release|Any CPU
		{6C8794BF-D8AD-460D-8AE0-0CBA954E7D46}.Release|x64.Build.0 = Release|Any CPU
		{6C8794BF-D8AD-460D-8AE0-0CBA954E7D46}.Release|x86.ActiveCfg = Release|Any CPU
		{6C8794BF-D8AD-460D-8AE0-0CBA954E7D46}.Release|x86.Build.0 = Release|Any CPU
		{95A9F3F0-4067-46C2-8C7D-CEA78C8BB757}.Debug|Any CPU.ActiveCfg = Debug|Any CPU
		{95A9F3F0-4067-46C2-8C7D-CEA78C8BB757}.Debug|Any CPU.Build.0 = Debug|Any CPU
		{95A9F3F0-4067-46C2-8C7D-CEA78C8BB757}.Debug|x64.ActiveCfg = Debug|Any CPU
		{95A9F3F0-4067-46C2-8C7D-CEA78C8BB757}.Debug|x64.Build.0 = Debug|Any CPU
		{95A9F3F0-4067-46C2-8C7D-CEA78C8BB757}.Debug|x86.ActiveCfg = Debug|Any CPU
		{95A9F3F0-4067-46C2-8C7D-CEA78C8BB757}.Debug|x86.Build.0 = Debug|Any CPU
		{95A9F3F0-4067-46C2-8C7D-CEA78C8BB757}.Release|Any CPU.ActiveCfg = Release|Any CPU
		{95A9F3F0-4067-46C2-8C7D-CEA78C8BB757}.Release|Any CPU.Build.0 = Release|Any CPU
		{95A9F3F0-4067-46C2-8C7D-CEA78C8BB757}.Release|x64.ActiveCfg = Release|Any CPU
		{95A9F3F0-4067-46C2-8C7D-CEA78C8BB757}.Release|x64.Build.0 = Release|Any CPU
		{95A9F3F0-4067-46C2-8C7D-CEA78C8BB757}.Release|x86.ActiveCfg = Release|Any CPU
		{95A9F3F0-4067-46C2-8C7D-CEA78C8BB757}.Release|x86.Build.0 = Release|Any CPU
		{D4F8FA55-9A21-498B-9A77-0B1C6BAB0881}.Debug|Any CPU.ActiveCfg = Debug|Any CPU
		{D4F8FA55-9A21-498B-9A77-0B1C6BAB0881}.Debug|Any CPU.Build.0 = Debug|Any CPU
		{D4F8FA55-9A21-498B-9A77-0B1C6BAB0881}.Debug|x64.ActiveCfg = Debug|Any CPU
		{D4F8FA55-9A21-498B-9A77-0B1C6BAB0881}.Debug|x64.Build.0 = Debug|Any CPU
		{D4F8FA55-9A21-498B-9A77-0B1C6BAB0881}.Debug|x86.ActiveCfg = Debug|Any CPU
		{D4F8FA55-9A21-498B-9A77-0B1C6BAB0881}.Debug|x86.Build.0 = Debug|Any CPU
		{D4F8FA55-9A21-498B-9A77-0B1C6BAB0881}.Release|Any CPU.ActiveCfg = Release|Any CPU
		{D4F8FA55-9A21-498B-9A77-0B1C6BAB0881}.Release|Any CPU.Build.0 = Release|Any CPU
		{D4F8FA55-9A21-498B-9A77-0B1C6BAB0881}.Release|x64.ActiveCfg = Release|Any CPU
		{D4F8FA55-9A21-498B-9A77-0B1C6BAB0881}.Release|x64.Build.0 = Release|Any CPU
		{D4F8FA55-9A21-498B-9A77-0B1C6BAB0881}.Release|x86.ActiveCfg = Release|Any CPU
		{D4F8FA55-9A21-498B-9A77-0B1C6BAB0881}.Release|x86.Build.0 = Release|Any CPU
		{6DAA5B41-98FD-4818-AC44-5D441F9470D3}.Debug|Any CPU.ActiveCfg = Debug|Any CPU
		{6DAA5B41-98FD-4818-AC44-5D441F9470D3}.Debug|Any CPU.Build.0 = Debug|Any CPU
		{6DAA5B41-98FD-4818-AC44-5D441F9470D3}.Debug|x64.ActiveCfg = Debug|Any CPU
		{6DAA5B41-98FD-4818-AC44-5D441F9470D3}.Debug|x64.Build.0 = Debug|Any CPU
		{6DAA5B41-98FD-4818-AC44-5D441F9470D3}.Debug|x86.ActiveCfg = Debug|Any CPU
		{6DAA5B41-98FD-4818-AC44-5D441F9470D3}.Debug|x86.Build.0 = Debug|Any CPU
		{6DAA5B41-98FD-4818-AC44-5D441F9470D3}.Release|Any CPU.ActiveCfg = Release|Any CPU
		{6DAA5B41-98FD-4818-AC44-5D441F9470D3}.Release|Any CPU.Build.0 = Release|Any CPU
		{6DAA5B41-98FD-4818-AC44-5D441F9470D3}.Release|x64.ActiveCfg = Release|Any CPU
		{6DAA5B41-98FD-4818-AC44-5D441F9470D3}.Release|x64.Build.0 = Release|Any CPU
		{6DAA5B41-98FD-4818-AC44-5D441F9470D3}.Release|x86.ActiveCfg = Release|Any CPU
		{6DAA5B41-98FD-4818-AC44-5D441F9470D3}.Release|x86.Build.0 = Release|Any CPU
		{39580DDB-F6F4-47E7-930A-F3015A0A0B54}.Debug|Any CPU.ActiveCfg = Debug|Any CPU
		{39580DDB-F6F4-47E7-930A-F3015A0A0B54}.Debug|Any CPU.Build.0 = Debug|Any CPU
		{39580DDB-F6F4-47E7-930A-F3015A0A0B54}.Debug|x64.ActiveCfg = Debug|Any CPU
		{39580DDB-F6F4-47E7-930A-F3015A0A0B54}.Debug|x64.Build.0 = Debug|Any CPU
		{39580DDB-F6F4-47E7-930A-F3015A0A0B54}.Debug|x86.ActiveCfg = Debug|Any CPU
		{39580DDB-F6F4-47E7-930A-F3015A0A0B54}.Debug|x86.Build.0 = Debug|Any CPU
		{39580DDB-F6F4-47E7-930A-F3015A0A0B54}.Release|Any CPU.ActiveCfg = Release|Any CPU
		{39580DDB-F6F4-47E7-930A-F3015A0A0B54}.Release|Any CPU.Build.0 = Release|Any CPU
		{39580DDB-F6F4-47E7-930A-F3015A0A0B54}.Release|x64.ActiveCfg = Release|Any CPU
		{39580DDB-F6F4-47E7-930A-F3015A0A0B54}.Release|x64.Build.0 = Release|Any CPU
		{39580DDB-F6F4-47E7-930A-F3015A0A0B54}.Release|x86.ActiveCfg = Release|Any CPU
		{39580DDB-F6F4-47E7-930A-F3015A0A0B54}.Release|x86.Build.0 = Release|Any CPU
		{31B19B0C-2542-4D10-B8C9-81BBC072505E}.Debug|Any CPU.ActiveCfg = Debug|Any CPU
		{31B19B0C-2542-4D10-B8C9-81BBC072505E}.Debug|Any CPU.Build.0 = Debug|Any CPU
		{31B19B0C-2542-4D10-B8C9-81BBC072505E}.Debug|x64.ActiveCfg = Debug|Any CPU
		{31B19B0C-2542-4D10-B8C9-81BBC072505E}.Debug|x64.Build.0 = Debug|Any CPU
		{31B19B0C-2542-4D10-B8C9-81BBC072505E}.Debug|x86.ActiveCfg = Debug|Any CPU
		{31B19B0C-2542-4D10-B8C9-81BBC072505E}.Debug|x86.Build.0 = Debug|Any CPU
		{31B19B0C-2542-4D10-B8C9-81BBC072505E}.Release|Any CPU.ActiveCfg = Release|Any CPU
		{31B19B0C-2542-4D10-B8C9-81BBC072505E}.Release|Any CPU.Build.0 = Release|Any CPU
		{31B19B0C-2542-4D10-B8C9-81BBC072505E}.Release|x64.ActiveCfg = Release|Any CPU
		{31B19B0C-2542-4D10-B8C9-81BBC072505E}.Release|x64.Build.0 = Release|Any CPU
		{31B19B0C-2542-4D10-B8C9-81BBC072505E}.Release|x86.ActiveCfg = Release|Any CPU
		{31B19B0C-2542-4D10-B8C9-81BBC072505E}.Release|x86.Build.0 = Release|Any CPU
		{8D57C7DC-F300-47A4-B7D6-1C029CC072BF}.Debug|Any CPU.ActiveCfg = Debug|Any CPU
		{8D57C7DC-F300-47A4-B7D6-1C029CC072BF}.Debug|Any CPU.Build.0 = Debug|Any CPU
		{8D57C7DC-F300-47A4-B7D6-1C029CC072BF}.Debug|x64.ActiveCfg = Debug|Any CPU
		{8D57C7DC-F300-47A4-B7D6-1C029CC072BF}.Debug|x64.Build.0 = Debug|Any CPU
		{8D57C7DC-F300-47A4-B7D6-1C029CC072BF}.Debug|x86.ActiveCfg = Debug|Any CPU
		{8D57C7DC-F300-47A4-B7D6-1C029CC072BF}.Debug|x86.Build.0 = Debug|Any CPU
		{8D57C7DC-F300-47A4-B7D6-1C029CC072BF}.Release|Any CPU.ActiveCfg = Release|Any CPU
		{8D57C7DC-F300-47A4-B7D6-1C029CC072BF}.Release|Any CPU.Build.0 = Release|Any CPU
		{8D57C7DC-F300-47A4-B7D6-1C029CC072BF}.Release|x64.ActiveCfg = Release|Any CPU
		{8D57C7DC-F300-47A4-B7D6-1C029CC072BF}.Release|x64.Build.0 = Release|Any CPU
		{8D57C7DC-F300-47A4-B7D6-1C029CC072BF}.Release|x86.ActiveCfg = Release|Any CPU
		{8D57C7DC-F300-47A4-B7D6-1C029CC072BF}.Release|x86.Build.0 = Release|Any CPU
		{A5BF260B-B03B-400E-B8D9-219E2A79555F}.Debug|Any CPU.ActiveCfg = Debug|Any CPU
		{A5BF260B-B03B-400E-B8D9-219E2A79555F}.Debug|Any CPU.Build.0 = Debug|Any CPU
		{A5BF260B-B03B-400E-B8D9-219E2A79555F}.Debug|x64.ActiveCfg = Debug|Any CPU
		{A5BF260B-B03B-400E-B8D9-219E2A79555F}.Debug|x64.Build.0 = Debug|Any CPU
		{A5BF260B-B03B-400E-B8D9-219E2A79555F}.Debug|x86.ActiveCfg = Debug|Any CPU
		{A5BF260B-B03B-400E-B8D9-219E2A79555F}.Debug|x86.Build.0 = Debug|Any CPU
		{A5BF260B-B03B-400E-B8D9-219E2A79555F}.Release|Any CPU.ActiveCfg = Release|Any CPU
		{A5BF260B-B03B-400E-B8D9-219E2A79555F}.Release|Any CPU.Build.0 = Release|Any CPU
		{A5BF260B-B03B-400E-B8D9-219E2A79555F}.Release|x64.ActiveCfg = Release|Any CPU
		{A5BF260B-B03B-400E-B8D9-219E2A79555F}.Release|x64.Build.0 = Release|Any CPU
		{A5BF260B-B03B-400E-B8D9-219E2A79555F}.Release|x86.ActiveCfg = Release|Any CPU
		{A5BF260B-B03B-400E-B8D9-219E2A79555F}.Release|x86.Build.0 = Release|Any CPU
	EndGlobalSection
	GlobalSection(SolutionProperties) = preSolution
		HideSolutionNode = FALSE
	EndGlobalSection
	GlobalSection(NestedProjects) = preSolution
		{7752D68E-F347-49D8-837D-003877CE9E4B} = {4507BFD2-F0E8-441E-AEBA-4B584352BFA0}
		{DA8546B8-5170-4408-B578-D7969F24279F} = {4507BFD2-F0E8-441E-AEBA-4B584352BFA0}
		{C3F15D6F-65C1-473E-8D3A-8697A77367F0} = {4507BFD2-F0E8-441E-AEBA-4B584352BFA0}
		{4E3B46EE-4498-4C4A-8DAA-8148A1AF5B67} = {4507BFD2-F0E8-441E-AEBA-4B584352BFA0}
		{0A00619A-1A93-4C63-8101-1C98A3A3DA1F} = {4507BFD2-F0E8-441E-AEBA-4B584352BFA0}
		{A6D6E575-47B4-4093-9C86-123669DBD06C} = {4507BFD2-F0E8-441E-AEBA-4B584352BFA0}
		{64B8DB0B-6574-4D69-AC21-11650D831B30} = {4507BFD2-F0E8-441E-AEBA-4B584352BFA0}
		{3CEF2AF6-2C5B-4425-AC3C-18A9B7C1B98C} = {4507BFD2-F0E8-441E-AEBA-4B584352BFA0}
		{37D7C654-3A91-49AD-A872-F8EECB41EB3A} = {7719DDF4-AF71-442A-A924-2BD0020FF341}
		{72395853-33D2-4374-AC53-E3B4104804BD} = {7719DDF4-AF71-442A-A924-2BD0020FF341}
		{AB995A5A-589B-494E-B237-F1586CF3963A} = {7719DDF4-AF71-442A-A924-2BD0020FF341}
		{C0D1ABCD-84BB-4914-983A-7A1465D65599} = {7719DDF4-AF71-442A-A924-2BD0020FF341}
		{C617581C-DE32-41EB-8D3B-74834FD07771} = {7719DDF4-AF71-442A-A924-2BD0020FF341}
		{82CA82A6-C151-47F2-B3CB-63EFDB75CB7E} = {7719DDF4-AF71-442A-A924-2BD0020FF341}
		{28B8C5FC-0B19-4E8B-9AA0-C408224263E2} = {7719DDF4-AF71-442A-A924-2BD0020FF341}
		{319C526C-9B56-42D4-ABA9-147076794237} = {7719DDF4-AF71-442A-A924-2BD0020FF341}
		{EF43DC1E-4711-4BA5-858F-778D51C13D75} = {7719DDF4-AF71-442A-A924-2BD0020FF341}
		{35C5A34B-29E8-438F-9833-8DE3C641A26C} = {7719DDF4-AF71-442A-A924-2BD0020FF341}
		{6F3FB578-0D16-4DDA-82E9-FF7224D62C3B} = {7719DDF4-AF71-442A-A924-2BD0020FF341}
		{4DB7F4F1-891E-48DE-9579-EA853740ABF4} = {7719DDF4-AF71-442A-A924-2BD0020FF341}
		{ECA55B57-F24C-449A-A3BB-ABE6875BCCC7} = {7719DDF4-AF71-442A-A924-2BD0020FF341}
		{F695ABA4-4A80-45F6-B1E3-B3D98F1C0673} = {7719DDF4-AF71-442A-A924-2BD0020FF341}
		{6DAEC884-5737-4D5B-AEBE-C365CC3BFEA2} = {7719DDF4-AF71-442A-A924-2BD0020FF341}
		{4DA17D07-AB19-48A2-BE1E-E2451FA139E5} = {7719DDF4-AF71-442A-A924-2BD0020FF341}
		{9CCDB8EB-B7B7-4B0D-A44E-72591EBD093C} = {7719DDF4-AF71-442A-A924-2BD0020FF341}
		{3A837F97-C24D-4AE4-8679-A618064ACEA4} = {7719DDF4-AF71-442A-A924-2BD0020FF341}
		{ACC31328-F2FF-4B53-9BF1-324A95C37F69} = {7719DDF4-AF71-442A-A924-2BD0020FF341}
		{5EDF3495-CDE8-4AFB-8662-7F50C058AB6B} = {7719DDF4-AF71-442A-A924-2BD0020FF341}
		{D90BA181-8187-4386-A6B7-2A36D72EE9C3} = {7719DDF4-AF71-442A-A924-2BD0020FF341}
		{04AEB74E-3649-481D-8BA0-E0AF63761CE7} = {7719DDF4-AF71-442A-A924-2BD0020FF341}
		{C120FB46-2E5E-4C4A-A590-D1147C5ADAFC} = {7719DDF4-AF71-442A-A924-2BD0020FF341}
		{CFE4959F-6F9B-4810-A4B7-0DC577D3D4D2} = {7719DDF4-AF71-442A-A924-2BD0020FF341}
		{7FADF820-642A-4B49-9161-92F0D8030251} = {7719DDF4-AF71-442A-A924-2BD0020FF341}
		{F2EA6F69-095A-4006-A3AD-3A13A7523E69} = {7719DDF4-AF71-442A-A924-2BD0020FF341}
		{4DBC2C48-29A6-46D4-A62A-92EA80072CCD} = {7719DDF4-AF71-442A-A924-2BD0020FF341}
		{9BF597E6-D2F1-43FD-9EBA-6FB6D2335A84} = {7719DDF4-AF71-442A-A924-2BD0020FF341}
		{16C63D15-584D-4020-98D1-4FD1826965D5} = {7719DDF4-AF71-442A-A924-2BD0020FF341}
		{3536F532-93A4-48B3-BD9D-F0E411C0333C} = {7719DDF4-AF71-442A-A924-2BD0020FF341}
		{6C8794BF-D8AD-460D-8AE0-0CBA954E7D46} = {7719DDF4-AF71-442A-A924-2BD0020FF341}
		{95A9F3F0-4067-46C2-8C7D-CEA78C8BB757} = {7719DDF4-AF71-442A-A924-2BD0020FF341}
		{D4F8FA55-9A21-498B-9A77-0B1C6BAB0881} = {7719DDF4-AF71-442A-A924-2BD0020FF341}
		{6DAA5B41-98FD-4818-AC44-5D441F9470D3} = {7719DDF4-AF71-442A-A924-2BD0020FF341}
		{39580DDB-F6F4-47E7-930A-F3015A0A0B54} = {7719DDF4-AF71-442A-A924-2BD0020FF341}
		{31B19B0C-2542-4D10-B8C9-81BBC072505E} = {7719DDF4-AF71-442A-A924-2BD0020FF341}
		{8D57C7DC-F300-47A4-B7D6-1C029CC072BF} = {7719DDF4-AF71-442A-A924-2BD0020FF341}
		{A5BF260B-B03B-400E-B8D9-219E2A79555F} = {7719DDF4-AF71-442A-A924-2BD0020FF341}
	EndGlobalSection
	GlobalSection(ExtensibilityGlobals) = postSolution
		SolutionGuid = {3153293E-4AE0-4BA9-82F8-38962D75F6B3}
	EndGlobalSection
EndGlobal
