
Microsoft Visual Studio Solution File, Format Version 11.00
# Visual Studio 2010
Project("{FAE04EC0-301F-11D3-BF4B-00C04F79EFBC}") = "Smdn-net", "..\..\Smdn\src\Smdn-net.csproj", "{B9068594-64C2-4976-AF65-D7FA9BBE0522}"
EndProject
Project("{FAE04EC0-301F-11D3-BF4B-00C04F79EFBC}") = "Smdn.Xml-net", "..\..\Smdn.Xml\src\Smdn.Xml-net.csproj", "{56316310-7B70-4143-9EB4-3001BCE6E40B}"
EndProject
Project("{FAE04EC0-301F-11D3-BF4B-00C04F79EFBC}") = "Smdn.Xml.Xhtml-net", "..\..\Smdn.Xml.Xhtml\src\Smdn.Xml.Xhtml-net.csproj", "{A13C4BB2-2E47-479C-A19C-6D218AE02D14}"
EndProject
Project("{FAE04EC0-301F-11D3-BF4B-00C04F79EFBC}") = "Smdn.Xml.Xhtml.Tests-net", "..\test\Smdn.Xml.Xhtml.Tests-net.csproj", "{B91C121C-CAAB-47D1-96BA-BC26D74E063E}"
EndProject
Global
	GlobalSection(SolutionConfigurationPlatforms) = preSolution
		Debug|Any CPU = Debug|Any CPU
		Release|Any CPU = Release|Any CPU
	EndGlobalSection
	GlobalSection(ProjectConfigurationPlatforms) = postSolution
		{B9068594-64C2-4976-AF65-D7FA9BBE0522}.Debug|Any CPU.ActiveCfg = Debug|Any CPU
		{B9068594-64C2-4976-AF65-D7FA9BBE0522}.Debug|Any CPU.Build.0 = Debug|Any CPU
		{B9068594-64C2-4976-AF65-D7FA9BBE0522}.Release|Any CPU.ActiveCfg = Release|Any CPU
		{B9068594-64C2-4976-AF65-D7FA9BBE0522}.Release|Any CPU.Build.0 = Release|Any CPU
		{56316310-7B70-4143-9EB4-3001BCE6E40B}.Debug|Any CPU.ActiveCfg = Debug|Any CPU
		{56316310-7B70-4143-9EB4-3001BCE6E40B}.Debug|Any CPU.Build.0 = Debug|Any CPU
		{56316310-7B70-4143-9EB4-3001BCE6E40B}.Release|Any CPU.ActiveCfg = Release|Any CPU
		{56316310-7B70-4143-9EB4-3001BCE6E40B}.Release|Any CPU.Build.0 = Release|Any CPU
		{A13C4BB2-2E47-479C-A19C-6D218AE02D14}.Debug|Any CPU.ActiveCfg = Debug|Any CPU
		{A13C4BB2-2E47-479C-A19C-6D218AE02D14}.Debug|Any CPU.Build.0 = Debug|Any CPU
		{A13C4BB2-2E47-479C-A19C-6D218AE02D14}.Release|Any CPU.ActiveCfg = Release|Any CPU
		{A13C4BB2-2E47-479C-A19C-6D218AE02D14}.Release|Any CPU.Build.0 = Release|Any CPU
		{B91C121C-CAAB-47D1-96BA-BC26D74E063E}.Debug|Any CPU.ActiveCfg = Debug|Any CPU
		{B91C121C-CAAB-47D1-96BA-BC26D74E063E}.Debug|Any CPU.Build.0 = Debug|Any CPU
		{B91C121C-CAAB-47D1-96BA-BC26D74E063E}.Release|Any CPU.ActiveCfg = Release|Any CPU
		{B91C121C-CAAB-47D1-96BA-BC26D74E063E}.Release|Any CPU.Build.0 = Release|Any CPU
	EndGlobalSection
	GlobalSection(MonoDevelopProperties) = preSolution
		StartupItem = Smdn.Tests-net.csproj
	EndGlobalSection
EndGlobal
